
Microsoft Visual Studio Solution File, Format Version 12.00
# Visual Studio Version 17
VisualStudioVersion = 17.8.34118.359
MinimumVisualStudioVersion = 10.0.40219.1
Project("{2150E333-8FDC-42A3-9474-1A3956D46DE8}") = "src", "src", "{8415FED7-1BED-4227-8B4F-BB7C24E041CD}"
EndProject
Project("{9A19103F-16F7-4668-BE54-9A1E7A4F7556}") = "NuGet.Services.KeyVault", "src\NuGet.Services.KeyVault\NuGet.Services.KeyVault.csproj", "{C87D0EF1-54AA-4B0B-89DE-CFF2DC941D11}"
EndProject
Project("{2150E333-8FDC-42A3-9474-1A3956D46DE8}") = "tests", "tests", "{7783A106-0F4C-4055-9AB4-413FB2C7B8F0}"
EndProject
Project("{2150E333-8FDC-42A3-9474-1A3956D46DE8}") = "Solution Items", "Solution Items", "{39C4007F-90EB-49A9-A41E-21861F81869C}"
	ProjectSection(SolutionItems) = preProject
		Directory.Build.props = Directory.Build.props
		Directory.Packages.props = Directory.Packages.props
		global.json = global.json
	EndProjectSection
EndProject
Project("{9A19103F-16F7-4668-BE54-9A1E7A4F7556}") = "NuGet.Services.Configuration", "src\NuGet.Services.Configuration\NuGet.Services.Configuration.csproj", "{6597FCAE-81FE-44F1-A9C8-69BEA01DB094}"
EndProject
Project("{9A19103F-16F7-4668-BE54-9A1E7A4F7556}") = "NuGet.Services.Logging", "src\NuGet.Services.Logging\NuGet.Services.Logging.csproj", "{088F2BF5-1220-4125-BC64-601C2F032C13}"
EndProject
Project("{9A19103F-16F7-4668-BE54-9A1E7A4F7556}") = "NuGet.Services.Configuration.Tests", "tests\NuGet.Services.Configuration.Tests\NuGet.Services.Configuration.Tests.csproj", "{8C24FB60-456A-4570-8400-08970F421415}"
EndProject
Project("{9A19103F-16F7-4668-BE54-9A1E7A4F7556}") = "NuGet.Services.Build", "src\NuGet.Services.Build\NuGet.Services.Build.csproj", "{7EBF325F-8671-46EF-B065-D9EB4C60B850}"
EndProject
Project("{9A19103F-16F7-4668-BE54-9A1E7A4F7556}") = "NuGet.Services.Logging.Tests", "tests\NuGet.Services.Logging.Tests\NuGet.Services.Logging.Tests.csproj", "{63000EEE-3579-48E6-A71D-7378A7A1A2F5}"
EndProject
Project("{9A19103F-16F7-4668-BE54-9A1E7A4F7556}") = "NuGet.Services.Storage", "src\NuGet.Services.Storage\NuGet.Services.Storage.csproj", "{AED43955-2676-48EC-A27E-6965008D4B3B}"
EndProject
Project("{9A19103F-16F7-4668-BE54-9A1E7A4F7556}") = "NuGet.Services.Cursor", "src\NuGet.Services.Cursor\NuGet.Services.Cursor.csproj", "{3269C147-FA0D-4865-83E2-50897C557C82}"
EndProject
Project("{9A19103F-16F7-4668-BE54-9A1E7A4F7556}") = "NuGet.Services.Cursor.Tests", "tests\NuGet.Services.Cursor.Tests\NuGet.Services.Cursor.Tests.csproj", "{EDB53299-EDC5-4756-989B-A65620D63A14}"
EndProject
Project("{9A19103F-16F7-4668-BE54-9A1E7A4F7556}") = "NuGet.Services.Owin", "src\NuGet.Services.Owin\NuGet.Services.Owin.csproj", "{5AF3CE0B-9C47-4FD0-83F6-D6C1E0A50E85}"
EndProject
Project("{9A19103F-16F7-4668-BE54-9A1E7A4F7556}") = "NuGet.Services.Owin.Tests", "tests\NuGet.Services.Owin.Tests\NuGet.Services.Owin.Tests.csproj", "{037B35D5-05A7-4333-AA91-B8002068B0B2}"
EndProject
Project("{9A19103F-16F7-4668-BE54-9A1E7A4F7556}") = "NuGet.Services.ServiceBus", "src\NuGet.Services.ServiceBus\NuGet.Services.ServiceBus.csproj", "{9337000B-EA3B-40BE-9A33-38BC28DFD0CB}"
EndProject
Project("{9A19103F-16F7-4668-BE54-9A1E7A4F7556}") = "NuGet.Services.Contracts", "src\NuGet.Services.Contracts\NuGet.Services.Contracts.csproj", "{6674B4B4-2D0E-4840-8CF0-2356ACDE8863}"
EndProject
Project("{9A19103F-16F7-4668-BE54-9A1E7A4F7556}") = "NuGet.Services.Validation", "src\NuGet.Services.Validation\NuGet.Services.Validation.csproj", "{C1E36A2C-1C1B-4521-B256-AD42505D9EFB}"
EndProject
Project("{9A19103F-16F7-4668-BE54-9A1E7A4F7556}") = "NuGet.Services.Contracts.Tests", "tests\NuGet.Services.Contracts.Tests\NuGet.Services.Contracts.Tests.csproj", "{79F72C83-E94D-4D04-B904-5A4DA161168E}"
EndProject
Project("{9A19103F-16F7-4668-BE54-9A1E7A4F7556}") = "NuGet.Services.ServiceBus.Tests", "tests\NuGet.Services.ServiceBus.Tests\NuGet.Services.ServiceBus.Tests.csproj", "{FF5CA51A-CD6A-463F-AE9A-5737FF0FCFA7}"
EndProject
Project("{9A19103F-16F7-4668-BE54-9A1E7A4F7556}") = "NuGet.Services.KeyVault.Tests", "tests\NuGet.Services.KeyVault.Tests\NuGet.Services.KeyVault.Tests.csproj", "{BA1FB5F1-8F6B-4558-862B-F47C3995B06A}"
EndProject
Project("{9A19103F-16F7-4668-BE54-9A1E7A4F7556}") = "NuGet.Services.Validation.Issues", "src\NuGet.Services.Validation.Issues\NuGet.Services.Validation.Issues.csproj", "{4F497FBD-91CF-4FA5-B948-4375BEBFD2C8}"
EndProject
Project("{9A19103F-16F7-4668-BE54-9A1E7A4F7556}") = "NuGet.Services.Validation.Issues.Tests", "tests\NuGet.Services.Validation.Issues.Tests\NuGet.Services.Validation.Issues.Tests.csproj", "{E7412F21-169C-4823-AB2C-F6EE20E6411E}"
EndProject
Project("{9A19103F-16F7-4668-BE54-9A1E7A4F7556}") = "NuGet.Services.Storage.Tests", "tests\NuGet.Services.Storage.Tests\NuGet.Services.Storage.Tests.csproj", "{CEFBA9D0-2B2B-4691-B661-2C8050245C92}"
EndProject
Project("{9A19103F-16F7-4668-BE54-9A1E7A4F7556}") = "NuGet.Services.Validation.Tests", "tests\NuGet.Services.Validation.Tests\NuGet.Services.Validation.Tests.csproj", "{E29F54DF-DFB8-4E27-940D-21ECCB9B6FC1}"
EndProject
Project("{9A19103F-16F7-4668-BE54-9A1E7A4F7556}") = "NuGet.Services.Sql", "src\NuGet.Services.Sql\NuGet.Services.Sql.csproj", "{F5121B0A-669F-48BD-86DC-27C546D1A825}"
EndProject
Project("{9A19103F-16F7-4668-BE54-9A1E7A4F7556}") = "NuGet.Services.Sql.Tests", "tests\NuGet.Services.Sql.Tests\NuGet.Services.Sql.Tests.csproj", "{FA2B3447-7242-495F-A8E1-D94181C0C9A5}"
EndProject
Project("{9A19103F-16F7-4668-BE54-9A1E7A4F7556}") = "NuGet.Services.Status", "src\NuGet.Services.Status\NuGet.Services.Status.csproj", "{D3AB8DBD-EF83-41A5-AF25-0A7E7FACC056}"
EndProject
Project("{9A19103F-16F7-4668-BE54-9A1E7A4F7556}") = "NuGet.Services.Status.Tests", "tests\NuGet.Services.Status.Tests\NuGet.Services.Status.Tests.csproj", "{EA54BC71-F9AD-4863-8DC6-8CC41776C881}"
EndProject
Project("{9A19103F-16F7-4668-BE54-9A1E7A4F7556}") = "NuGet.Services.Status.Table", "src\NuGet.Services.Status.Table\NuGet.Services.Status.Table.csproj", "{8D3E82F2-B637-4BA4-BD80-3380E826CA1A}"
EndProject
Project("{9A19103F-16F7-4668-BE54-9A1E7A4F7556}") = "NuGet.Services.Incidents", "src\NuGet.Services.Incidents\NuGet.Services.Incidents.csproj", "{09B15FA8-8B24-4C9A-B2AC-1265ACCB9EB1}"
EndProject
Project("{2150E333-8FDC-42A3-9474-1A3956D46DE8}") = "tools", "tools", "{2E74C554-630C-4ED9-BB66-81CFA5DFFBD3}"
EndProject
Project("{9A19103F-16F7-4668-BE54-9A1E7A4F7556}") = "AzureSqlConnectionTest", "tools\AzureSqlConnectionTest\AzureSqlConnectionTest.csproj", "{109E6F0E-CBBC-427A-89CF-8F8AACE479CF}"
EndProject
Project("{9A19103F-16F7-4668-BE54-9A1E7A4F7556}") = "NuGet.Services.Messaging", "src\NuGet.Services.Messaging\NuGet.Services.Messaging.csproj", "{5B3CAA1E-9E8E-4EB4-8229-582DE9661679}"
EndProject
Project("{9A19103F-16F7-4668-BE54-9A1E7A4F7556}") = "NuGet.Services.Messaging.Tests", "tests\NuGet.Services.Messaging.Tests\NuGet.Services.Messaging.Tests.csproj", "{6B3A29C9-A26A-4B60-9D8E-46BCD5B32EF3}"
EndProject
Project("{9A19103F-16F7-4668-BE54-9A1E7A4F7556}") = "NuGet.Services.Messaging.Email", "src\NuGet.Services.Messaging.Email\NuGet.Services.Messaging.Email.csproj", "{7B663D13-49EF-4C14-AA1E-FCA66B602EEC}"
EndProject
Project("{9A19103F-16F7-4668-BE54-9A1E7A4F7556}") = "NuGet.Services.Messaging.Email.Tests", "tests\NuGet.Services.Messaging.Email.Tests\NuGet.Services.Messaging.Email.Tests.csproj", "{C0CD076E-3216-42D3-BE65-84A394BBD2DC}"
EndProject
Project("{9A19103F-16F7-4668-BE54-9A1E7A4F7556}") = "NuGet.Services.FeatureFlags", "src\NuGet.Services.FeatureFlags\NuGet.Services.FeatureFlags.csproj", "{A8CBD319-72B4-4C07-832B-5355ACCEE83A}"
EndProject
Project("{9A19103F-16F7-4668-BE54-9A1E7A4F7556}") = "NuGet.Services.FeatureFlags.Tests", "tests\NuGet.Services.FeatureFlags.Tests\NuGet.Services.FeatureFlags.Tests.csproj", "{20D89F39-6E71-4F14-B845-64F5C395954B}"
EndProject
Project("{9A19103F-16F7-4668-BE54-9A1E7A4F7556}") = "NuGet.Services.Licenses", "src\NuGet.Services.Licenses\NuGet.Services.Licenses.csproj", "{20EE3196-4D8B-42B6-8E5E-B8ADC2D3BF9D}"
EndProject
Project("{9A19103F-16F7-4668-BE54-9A1E7A4F7556}") = "NuGet.Services.Licenses.Tests", "tests\NuGet.Services.Licenses.Tests\NuGet.Services.Licenses.Tests.csproj", "{D0A110BD-156D-432B-9525-171430C9F51D}"
EndProject
Project("{9A19103F-16F7-4668-BE54-9A1E7A4F7556}") = "NuGet.Services.Build.Tests", "tests\NuGet.Services.Build.Tests\NuGet.Services.Build.Tests.csproj", "{AB3C7814-3AD6-41BD-8968-A3CC10A52EC5}"
EndProject
Project("{9A19103F-16F7-4668-BE54-9A1E7A4F7556}") = "NuGet.Services.Testing.Entities", "src\NuGet.Services.Testing.Entities\NuGet.Services.Testing.Entities.csproj", "{C1D0A112-531C-4ED6-B983-2417335BFB52}"
EndProject
Global
	GlobalSection(SolutionConfigurationPlatforms) = preSolution
		Debug|Any CPU = Debug|Any CPU
		Release|Any CPU = Release|Any CPU
	EndGlobalSection
	GlobalSection(ProjectConfigurationPlatforms) = postSolution
		{C87D0EF1-54AA-4B0B-89DE-CFF2DC941D11}.Debug|Any CPU.ActiveCfg = Debug|Any CPU
		{C87D0EF1-54AA-4B0B-89DE-CFF2DC941D11}.Debug|Any CPU.Build.0 = Debug|Any CPU
		{C87D0EF1-54AA-4B0B-89DE-CFF2DC941D11}.Release|Any CPU.ActiveCfg = Release|Any CPU
		{C87D0EF1-54AA-4B0B-89DE-CFF2DC941D11}.Release|Any CPU.Build.0 = Release|Any CPU
		{6597FCAE-81FE-44F1-A9C8-69BEA01DB094}.Debug|Any CPU.ActiveCfg = Debug|Any CPU
		{6597FCAE-81FE-44F1-A9C8-69BEA01DB094}.Debug|Any CPU.Build.0 = Debug|Any CPU
		{6597FCAE-81FE-44F1-A9C8-69BEA01DB094}.Release|Any CPU.ActiveCfg = Release|Any CPU
		{6597FCAE-81FE-44F1-A9C8-69BEA01DB094}.Release|Any CPU.Build.0 = Release|Any CPU
		{088F2BF5-1220-4125-BC64-601C2F032C13}.Debug|Any CPU.ActiveCfg = Debug|Any CPU
		{088F2BF5-1220-4125-BC64-601C2F032C13}.Debug|Any CPU.Build.0 = Debug|Any CPU
		{088F2BF5-1220-4125-BC64-601C2F032C13}.Release|Any CPU.ActiveCfg = Release|Any CPU
		{088F2BF5-1220-4125-BC64-601C2F032C13}.Release|Any CPU.Build.0 = Release|Any CPU
		{8C24FB60-456A-4570-8400-08970F421415}.Debug|Any CPU.ActiveCfg = Debug|Any CPU
		{8C24FB60-456A-4570-8400-08970F421415}.Debug|Any CPU.Build.0 = Debug|Any CPU
		{8C24FB60-456A-4570-8400-08970F421415}.Release|Any CPU.ActiveCfg = Release|Any CPU
		{8C24FB60-456A-4570-8400-08970F421415}.Release|Any CPU.Build.0 = Release|Any CPU
		{7EBF325F-8671-46EF-B065-D9EB4C60B850}.Debug|Any CPU.ActiveCfg = Debug|Any CPU
		{7EBF325F-8671-46EF-B065-D9EB4C60B850}.Debug|Any CPU.Build.0 = Debug|Any CPU
		{7EBF325F-8671-46EF-B065-D9EB4C60B850}.Release|Any CPU.ActiveCfg = Release|Any CPU
		{7EBF325F-8671-46EF-B065-D9EB4C60B850}.Release|Any CPU.Build.0 = Release|Any CPU
		{63000EEE-3579-48E6-A71D-7378A7A1A2F5}.Debug|Any CPU.ActiveCfg = Debug|Any CPU
		{63000EEE-3579-48E6-A71D-7378A7A1A2F5}.Debug|Any CPU.Build.0 = Debug|Any CPU
		{63000EEE-3579-48E6-A71D-7378A7A1A2F5}.Release|Any CPU.ActiveCfg = Release|Any CPU
		{63000EEE-3579-48E6-A71D-7378A7A1A2F5}.Release|Any CPU.Build.0 = Release|Any CPU
		{AED43955-2676-48EC-A27E-6965008D4B3B}.Debug|Any CPU.ActiveCfg = Debug|Any CPU
		{AED43955-2676-48EC-A27E-6965008D4B3B}.Debug|Any CPU.Build.0 = Debug|Any CPU
		{AED43955-2676-48EC-A27E-6965008D4B3B}.Release|Any CPU.ActiveCfg = Release|Any CPU
		{AED43955-2676-48EC-A27E-6965008D4B3B}.Release|Any CPU.Build.0 = Release|Any CPU
		{3269C147-FA0D-4865-83E2-50897C557C82}.Debug|Any CPU.ActiveCfg = Debug|Any CPU
		{3269C147-FA0D-4865-83E2-50897C557C82}.Debug|Any CPU.Build.0 = Debug|Any CPU
		{3269C147-FA0D-4865-83E2-50897C557C82}.Release|Any CPU.ActiveCfg = Release|Any CPU
		{3269C147-FA0D-4865-83E2-50897C557C82}.Release|Any CPU.Build.0 = Release|Any CPU
		{EDB53299-EDC5-4756-989B-A65620D63A14}.Debug|Any CPU.ActiveCfg = Debug|Any CPU
		{EDB53299-EDC5-4756-989B-A65620D63A14}.Debug|Any CPU.Build.0 = Debug|Any CPU
		{EDB53299-EDC5-4756-989B-A65620D63A14}.Release|Any CPU.ActiveCfg = Release|Any CPU
		{EDB53299-EDC5-4756-989B-A65620D63A14}.Release|Any CPU.Build.0 = Release|Any CPU
		{5AF3CE0B-9C47-4FD0-83F6-D6C1E0A50E85}.Debug|Any CPU.ActiveCfg = Debug|Any CPU
		{5AF3CE0B-9C47-4FD0-83F6-D6C1E0A50E85}.Debug|Any CPU.Build.0 = Debug|Any CPU
		{5AF3CE0B-9C47-4FD0-83F6-D6C1E0A50E85}.Release|Any CPU.ActiveCfg = Release|Any CPU
		{5AF3CE0B-9C47-4FD0-83F6-D6C1E0A50E85}.Release|Any CPU.Build.0 = Release|Any CPU
		{037B35D5-05A7-4333-AA91-B8002068B0B2}.Debug|Any CPU.ActiveCfg = Debug|Any CPU
		{037B35D5-05A7-4333-AA91-B8002068B0B2}.Debug|Any CPU.Build.0 = Debug|Any CPU
		{037B35D5-05A7-4333-AA91-B8002068B0B2}.Release|Any CPU.ActiveCfg = Release|Any CPU
		{037B35D5-05A7-4333-AA91-B8002068B0B2}.Release|Any CPU.Build.0 = Release|Any CPU
		{9337000B-EA3B-40BE-9A33-38BC28DFD0CB}.Debug|Any CPU.ActiveCfg = Debug|Any CPU
		{9337000B-EA3B-40BE-9A33-38BC28DFD0CB}.Debug|Any CPU.Build.0 = Debug|Any CPU
		{9337000B-EA3B-40BE-9A33-38BC28DFD0CB}.Release|Any CPU.ActiveCfg = Release|Any CPU
		{9337000B-EA3B-40BE-9A33-38BC28DFD0CB}.Release|Any CPU.Build.0 = Release|Any CPU
		{6674B4B4-2D0E-4840-8CF0-2356ACDE8863}.Debug|Any CPU.ActiveCfg = Debug|Any CPU
		{6674B4B4-2D0E-4840-8CF0-2356ACDE8863}.Debug|Any CPU.Build.0 = Debug|Any CPU
		{6674B4B4-2D0E-4840-8CF0-2356ACDE8863}.Release|Any CPU.ActiveCfg = Release|Any CPU
		{6674B4B4-2D0E-4840-8CF0-2356ACDE8863}.Release|Any CPU.Build.0 = Release|Any CPU
		{C1E36A2C-1C1B-4521-B256-AD42505D9EFB}.Debug|Any CPU.ActiveCfg = Debug|Any CPU
		{C1E36A2C-1C1B-4521-B256-AD42505D9EFB}.Debug|Any CPU.Build.0 = Debug|Any CPU
		{C1E36A2C-1C1B-4521-B256-AD42505D9EFB}.Release|Any CPU.ActiveCfg = Release|Any CPU
		{C1E36A2C-1C1B-4521-B256-AD42505D9EFB}.Release|Any CPU.Build.0 = Release|Any CPU
		{79F72C83-E94D-4D04-B904-5A4DA161168E}.Debug|Any CPU.ActiveCfg = Debug|Any CPU
		{79F72C83-E94D-4D04-B904-5A4DA161168E}.Debug|Any CPU.Build.0 = Debug|Any CPU
		{79F72C83-E94D-4D04-B904-5A4DA161168E}.Release|Any CPU.ActiveCfg = Release|Any CPU
		{79F72C83-E94D-4D04-B904-5A4DA161168E}.Release|Any CPU.Build.0 = Release|Any CPU
		{FF5CA51A-CD6A-463F-AE9A-5737FF0FCFA7}.Debug|Any CPU.ActiveCfg = Debug|Any CPU
		{FF5CA51A-CD6A-463F-AE9A-5737FF0FCFA7}.Debug|Any CPU.Build.0 = Debug|Any CPU
		{FF5CA51A-CD6A-463F-AE9A-5737FF0FCFA7}.Release|Any CPU.ActiveCfg = Release|Any CPU
		{FF5CA51A-CD6A-463F-AE9A-5737FF0FCFA7}.Release|Any CPU.Build.0 = Release|Any CPU
		{BA1FB5F1-8F6B-4558-862B-F47C3995B06A}.Debug|Any CPU.ActiveCfg = Debug|Any CPU
		{BA1FB5F1-8F6B-4558-862B-F47C3995B06A}.Debug|Any CPU.Build.0 = Debug|Any CPU
		{BA1FB5F1-8F6B-4558-862B-F47C3995B06A}.Release|Any CPU.ActiveCfg = Release|Any CPU
		{BA1FB5F1-8F6B-4558-862B-F47C3995B06A}.Release|Any CPU.Build.0 = Release|Any CPU
		{4F497FBD-91CF-4FA5-B948-4375BEBFD2C8}.Debug|Any CPU.ActiveCfg = Debug|Any CPU
		{4F497FBD-91CF-4FA5-B948-4375BEBFD2C8}.Debug|Any CPU.Build.0 = Debug|Any CPU
		{4F497FBD-91CF-4FA5-B948-4375BEBFD2C8}.Release|Any CPU.ActiveCfg = Release|Any CPU
		{4F497FBD-91CF-4FA5-B948-4375BEBFD2C8}.Release|Any CPU.Build.0 = Release|Any CPU
		{E7412F21-169C-4823-AB2C-F6EE20E6411E}.Debug|Any CPU.ActiveCfg = Debug|Any CPU
		{E7412F21-169C-4823-AB2C-F6EE20E6411E}.Debug|Any CPU.Build.0 = Debug|Any CPU
		{E7412F21-169C-4823-AB2C-F6EE20E6411E}.Release|Any CPU.ActiveCfg = Release|Any CPU
		{E7412F21-169C-4823-AB2C-F6EE20E6411E}.Release|Any CPU.Build.0 = Release|Any CPU
		{CEFBA9D0-2B2B-4691-B661-2C8050245C92}.Debug|Any CPU.ActiveCfg = Debug|Any CPU
		{CEFBA9D0-2B2B-4691-B661-2C8050245C92}.Debug|Any CPU.Build.0 = Debug|Any CPU
		{CEFBA9D0-2B2B-4691-B661-2C8050245C92}.Release|Any CPU.ActiveCfg = Release|Any CPU
		{CEFBA9D0-2B2B-4691-B661-2C8050245C92}.Release|Any CPU.Build.0 = Release|Any CPU
		{E29F54DF-DFB8-4E27-940D-21ECCB9B6FC1}.Debug|Any CPU.ActiveCfg = Debug|Any CPU
		{E29F54DF-DFB8-4E27-940D-21ECCB9B6FC1}.Debug|Any CPU.Build.0 = Debug|Any CPU
		{E29F54DF-DFB8-4E27-940D-21ECCB9B6FC1}.Release|Any CPU.ActiveCfg = Release|Any CPU
		{E29F54DF-DFB8-4E27-940D-21ECCB9B6FC1}.Release|Any CPU.Build.0 = Release|Any CPU
		{F5121B0A-669F-48BD-86DC-27C546D1A825}.Debug|Any CPU.ActiveCfg = Debug|Any CPU
		{F5121B0A-669F-48BD-86DC-27C546D1A825}.Debug|Any CPU.Build.0 = Debug|Any CPU
		{F5121B0A-669F-48BD-86DC-27C546D1A825}.Release|Any CPU.ActiveCfg = Release|Any CPU
		{F5121B0A-669F-48BD-86DC-27C546D1A825}.Release|Any CPU.Build.0 = Release|Any CPU
		{FA2B3447-7242-495F-A8E1-D94181C0C9A5}.Debug|Any CPU.ActiveCfg = Debug|Any CPU
		{FA2B3447-7242-495F-A8E1-D94181C0C9A5}.Debug|Any CPU.Build.0 = Debug|Any CPU
		{FA2B3447-7242-495F-A8E1-D94181C0C9A5}.Release|Any CPU.ActiveCfg = Release|Any CPU
		{FA2B3447-7242-495F-A8E1-D94181C0C9A5}.Release|Any CPU.Build.0 = Release|Any CPU
		{D3AB8DBD-EF83-41A5-AF25-0A7E7FACC056}.Debug|Any CPU.ActiveCfg = Debug|Any CPU
		{D3AB8DBD-EF83-41A5-AF25-0A7E7FACC056}.Debug|Any CPU.Build.0 = Debug|Any CPU
		{D3AB8DBD-EF83-41A5-AF25-0A7E7FACC056}.Release|Any CPU.ActiveCfg = Release|Any CPU
		{D3AB8DBD-EF83-41A5-AF25-0A7E7FACC056}.Release|Any CPU.Build.0 = Release|Any CPU
		{EA54BC71-F9AD-4863-8DC6-8CC41776C881}.Debug|Any CPU.ActiveCfg = Debug|Any CPU
		{EA54BC71-F9AD-4863-8DC6-8CC41776C881}.Debug|Any CPU.Build.0 = Debug|Any CPU
		{EA54BC71-F9AD-4863-8DC6-8CC41776C881}.Release|Any CPU.ActiveCfg = Release|Any CPU
		{EA54BC71-F9AD-4863-8DC6-8CC41776C881}.Release|Any CPU.Build.0 = Release|Any CPU
		{8D3E82F2-B637-4BA4-BD80-3380E826CA1A}.Debug|Any CPU.ActiveCfg = Debug|Any CPU
		{8D3E82F2-B637-4BA4-BD80-3380E826CA1A}.Debug|Any CPU.Build.0 = Debug|Any CPU
		{8D3E82F2-B637-4BA4-BD80-3380E826CA1A}.Release|Any CPU.ActiveCfg = Release|Any CPU
		{8D3E82F2-B637-4BA4-BD80-3380E826CA1A}.Release|Any CPU.Build.0 = Release|Any CPU
		{09B15FA8-8B24-4C9A-B2AC-1265ACCB9EB1}.Debug|Any CPU.ActiveCfg = Debug|Any CPU
		{09B15FA8-8B24-4C9A-B2AC-1265ACCB9EB1}.Debug|Any CPU.Build.0 = Debug|Any CPU
		{09B15FA8-8B24-4C9A-B2AC-1265ACCB9EB1}.Release|Any CPU.ActiveCfg = Release|Any CPU
		{09B15FA8-8B24-4C9A-B2AC-1265ACCB9EB1}.Release|Any CPU.Build.0 = Release|Any CPU
		{109E6F0E-CBBC-427A-89CF-8F8AACE479CF}.Debug|Any CPU.ActiveCfg = Debug|Any CPU
		{109E6F0E-CBBC-427A-89CF-8F8AACE479CF}.Debug|Any CPU.Build.0 = Debug|Any CPU
		{109E6F0E-CBBC-427A-89CF-8F8AACE479CF}.Release|Any CPU.ActiveCfg = Release|Any CPU
		{109E6F0E-CBBC-427A-89CF-8F8AACE479CF}.Release|Any CPU.Build.0 = Release|Any CPU
		{5B3CAA1E-9E8E-4EB4-8229-582DE9661679}.Debug|Any CPU.ActiveCfg = Debug|Any CPU
		{5B3CAA1E-9E8E-4EB4-8229-582DE9661679}.Debug|Any CPU.Build.0 = Debug|Any CPU
		{5B3CAA1E-9E8E-4EB4-8229-582DE9661679}.Release|Any CPU.ActiveCfg = Release|Any CPU
		{5B3CAA1E-9E8E-4EB4-8229-582DE9661679}.Release|Any CPU.Build.0 = Release|Any CPU
		{6B3A29C9-A26A-4B60-9D8E-46BCD5B32EF3}.Debug|Any CPU.ActiveCfg = Debug|Any CPU
		{6B3A29C9-A26A-4B60-9D8E-46BCD5B32EF3}.Debug|Any CPU.Build.0 = Debug|Any CPU
		{6B3A29C9-A26A-4B60-9D8E-46BCD5B32EF3}.Release|Any CPU.ActiveCfg = Release|Any CPU
		{6B3A29C9-A26A-4B60-9D8E-46BCD5B32EF3}.Release|Any CPU.Build.0 = Release|Any CPU
		{7B663D13-49EF-4C14-AA1E-FCA66B602EEC}.Debug|Any CPU.ActiveCfg = Debug|Any CPU
		{7B663D13-49EF-4C14-AA1E-FCA66B602EEC}.Debug|Any CPU.Build.0 = Debug|Any CPU
		{7B663D13-49EF-4C14-AA1E-FCA66B602EEC}.Release|Any CPU.ActiveCfg = Release|Any CPU
		{7B663D13-49EF-4C14-AA1E-FCA66B602EEC}.Release|Any CPU.Build.0 = Release|Any CPU
		{C0CD076E-3216-42D3-BE65-84A394BBD2DC}.Debug|Any CPU.ActiveCfg = Debug|Any CPU
		{C0CD076E-3216-42D3-BE65-84A394BBD2DC}.Debug|Any CPU.Build.0 = Debug|Any CPU
		{C0CD076E-3216-42D3-BE65-84A394BBD2DC}.Release|Any CPU.ActiveCfg = Release|Any CPU
		{C0CD076E-3216-42D3-BE65-84A394BBD2DC}.Release|Any CPU.Build.0 = Release|Any CPU
		{A8CBD319-72B4-4C07-832B-5355ACCEE83A}.Debug|Any CPU.ActiveCfg = Debug|Any CPU
		{A8CBD319-72B4-4C07-832B-5355ACCEE83A}.Debug|Any CPU.Build.0 = Debug|Any CPU
		{A8CBD319-72B4-4C07-832B-5355ACCEE83A}.Release|Any CPU.ActiveCfg = Release|Any CPU
		{A8CBD319-72B4-4C07-832B-5355ACCEE83A}.Release|Any CPU.Build.0 = Release|Any CPU
		{20D89F39-6E71-4F14-B845-64F5C395954B}.Debug|Any CPU.ActiveCfg = Debug|Any CPU
		{20D89F39-6E71-4F14-B845-64F5C395954B}.Debug|Any CPU.Build.0 = Debug|Any CPU
		{20D89F39-6E71-4F14-B845-64F5C395954B}.Release|Any CPU.ActiveCfg = Release|Any CPU
		{20D89F39-6E71-4F14-B845-64F5C395954B}.Release|Any CPU.Build.0 = Release|Any CPU
		{20EE3196-4D8B-42B6-8E5E-B8ADC2D3BF9D}.Debug|Any CPU.ActiveCfg = Debug|Any CPU
		{20EE3196-4D8B-42B6-8E5E-B8ADC2D3BF9D}.Debug|Any CPU.Build.0 = Debug|Any CPU
		{20EE3196-4D8B-42B6-8E5E-B8ADC2D3BF9D}.Release|Any CPU.ActiveCfg = Release|Any CPU
		{20EE3196-4D8B-42B6-8E5E-B8ADC2D3BF9D}.Release|Any CPU.Build.0 = Release|Any CPU
		{D0A110BD-156D-432B-9525-171430C9F51D}.Debug|Any CPU.ActiveCfg = Debug|Any CPU
		{D0A110BD-156D-432B-9525-171430C9F51D}.Debug|Any CPU.Build.0 = Debug|Any CPU
		{D0A110BD-156D-432B-9525-171430C9F51D}.Release|Any CPU.ActiveCfg = Release|Any CPU
		{D0A110BD-156D-432B-9525-171430C9F51D}.Release|Any CPU.Build.0 = Release|Any CPU
		{AB3C7814-3AD6-41BD-8968-A3CC10A52EC5}.Debug|Any CPU.ActiveCfg = Debug|Any CPU
		{AB3C7814-3AD6-41BD-8968-A3CC10A52EC5}.Debug|Any CPU.Build.0 = Debug|Any CPU
		{AB3C7814-3AD6-41BD-8968-A3CC10A52EC5}.Release|Any CPU.ActiveCfg = Release|Any CPU
		{AB3C7814-3AD6-41BD-8968-A3CC10A52EC5}.Release|Any CPU.Build.0 = Release|Any CPU
		{C1D0A112-531C-4ED6-B983-2417335BFB52}.Debug|Any CPU.ActiveCfg = Debug|Any CPU
		{C1D0A112-531C-4ED6-B983-2417335BFB52}.Debug|Any CPU.Build.0 = Debug|Any CPU
		{C1D0A112-531C-4ED6-B983-2417335BFB52}.Release|Any CPU.ActiveCfg = Release|Any CPU
		{C1D0A112-531C-4ED6-B983-2417335BFB52}.Release|Any CPU.Build.0 = Release|Any CPU
	EndGlobalSection
	GlobalSection(SolutionProperties) = preSolution
		HideSolutionNode = FALSE
	EndGlobalSection
	GlobalSection(NestedProjects) = preSolution
		{C87D0EF1-54AA-4B0B-89DE-CFF2DC941D11} = {8415FED7-1BED-4227-8B4F-BB7C24E041CD}
		{6597FCAE-81FE-44F1-A9C8-69BEA01DB094} = {8415FED7-1BED-4227-8B4F-BB7C24E041CD}
		{088F2BF5-1220-4125-BC64-601C2F032C13} = {8415FED7-1BED-4227-8B4F-BB7C24E041CD}
		{8C24FB60-456A-4570-8400-08970F421415} = {7783A106-0F4C-4055-9AB4-413FB2C7B8F0}
		{7EBF325F-8671-46EF-B065-D9EB4C60B850} = {8415FED7-1BED-4227-8B4F-BB7C24E041CD}
		{63000EEE-3579-48E6-A71D-7378A7A1A2F5} = {7783A106-0F4C-4055-9AB4-413FB2C7B8F0}
		{AED43955-2676-48EC-A27E-6965008D4B3B} = {8415FED7-1BED-4227-8B4F-BB7C24E041CD}
		{3269C147-FA0D-4865-83E2-50897C557C82} = {8415FED7-1BED-4227-8B4F-BB7C24E041CD}
		{EDB53299-EDC5-4756-989B-A65620D63A14} = {7783A106-0F4C-4055-9AB4-413FB2C7B8F0}
		{5AF3CE0B-9C47-4FD0-83F6-D6C1E0A50E85} = {8415FED7-1BED-4227-8B4F-BB7C24E041CD}
		{037B35D5-05A7-4333-AA91-B8002068B0B2} = {7783A106-0F4C-4055-9AB4-413FB2C7B8F0}
		{9337000B-EA3B-40BE-9A33-38BC28DFD0CB} = {8415FED7-1BED-4227-8B4F-BB7C24E041CD}
		{6674B4B4-2D0E-4840-8CF0-2356ACDE8863} = {8415FED7-1BED-4227-8B4F-BB7C24E041CD}
		{C1E36A2C-1C1B-4521-B256-AD42505D9EFB} = {8415FED7-1BED-4227-8B4F-BB7C24E041CD}
		{79F72C83-E94D-4D04-B904-5A4DA161168E} = {7783A106-0F4C-4055-9AB4-413FB2C7B8F0}
		{FF5CA51A-CD6A-463F-AE9A-5737FF0FCFA7} = {7783A106-0F4C-4055-9AB4-413FB2C7B8F0}
		{BA1FB5F1-8F6B-4558-862B-F47C3995B06A} = {7783A106-0F4C-4055-9AB4-413FB2C7B8F0}
		{4F497FBD-91CF-4FA5-B948-4375BEBFD2C8} = {8415FED7-1BED-4227-8B4F-BB7C24E041CD}
		{E7412F21-169C-4823-AB2C-F6EE20E6411E} = {7783A106-0F4C-4055-9AB4-413FB2C7B8F0}
		{CEFBA9D0-2B2B-4691-B661-2C8050245C92} = {7783A106-0F4C-4055-9AB4-413FB2C7B8F0}
		{E29F54DF-DFB8-4E27-940D-21ECCB9B6FC1} = {7783A106-0F4C-4055-9AB4-413FB2C7B8F0}
		{F5121B0A-669F-48BD-86DC-27C546D1A825} = {8415FED7-1BED-4227-8B4F-BB7C24E041CD}
		{FA2B3447-7242-495F-A8E1-D94181C0C9A5} = {7783A106-0F4C-4055-9AB4-413FB2C7B8F0}
		{D3AB8DBD-EF83-41A5-AF25-0A7E7FACC056} = {8415FED7-1BED-4227-8B4F-BB7C24E041CD}
		{EA54BC71-F9AD-4863-8DC6-8CC41776C881} = {7783A106-0F4C-4055-9AB4-413FB2C7B8F0}
		{8D3E82F2-B637-4BA4-BD80-3380E826CA1A} = {8415FED7-1BED-4227-8B4F-BB7C24E041CD}
		{09B15FA8-8B24-4C9A-B2AC-1265ACCB9EB1} = {8415FED7-1BED-4227-8B4F-BB7C24E041CD}
		{109E6F0E-CBBC-427A-89CF-8F8AACE479CF} = {2E74C554-630C-4ED9-BB66-81CFA5DFFBD3}
		{5B3CAA1E-9E8E-4EB4-8229-582DE9661679} = {8415FED7-1BED-4227-8B4F-BB7C24E041CD}
		{6B3A29C9-A26A-4B60-9D8E-46BCD5B32EF3} = {7783A106-0F4C-4055-9AB4-413FB2C7B8F0}
		{7B663D13-49EF-4C14-AA1E-FCA66B602EEC} = {8415FED7-1BED-4227-8B4F-BB7C24E041CD}
		{C0CD076E-3216-42D3-BE65-84A394BBD2DC} = {7783A106-0F4C-4055-9AB4-413FB2C7B8F0}
		{A8CBD319-72B4-4C07-832B-5355ACCEE83A} = {8415FED7-1BED-4227-8B4F-BB7C24E041CD}
		{20D89F39-6E71-4F14-B845-64F5C395954B} = {7783A106-0F4C-4055-9AB4-413FB2C7B8F0}
		{20EE3196-4D8B-42B6-8E5E-B8ADC2D3BF9D} = {8415FED7-1BED-4227-8B4F-BB7C24E041CD}
		{D0A110BD-156D-432B-9525-171430C9F51D} = {7783A106-0F4C-4055-9AB4-413FB2C7B8F0}
		{AB3C7814-3AD6-41BD-8968-A3CC10A52EC5} = {7783A106-0F4C-4055-9AB4-413FB2C7B8F0}
		{C1D0A112-531C-4ED6-B983-2417335BFB52} = {8415FED7-1BED-4227-8B4F-BB7C24E041CD}
	EndGlobalSection
	GlobalSection(ExtensibilityGlobals) = postSolution
		SolutionGuid = {AA413DB0-5475-4B5D-A3AF-6323DA8D538B}
	EndGlobalSection
EndGlobal
