
Microsoft Visual Studio Solution File, Format Version 12.00
# Visual Studio 14
VisualStudioVersion = 14.0.24720.0
MinimumVisualStudioVersion = 10.0.40219.1
Project("{FAE04EC0-301F-11D3-BF4B-00C04F79EFBC}") = "NuGet.Jobs.Common", "src\NuGet.Jobs.Common\NuGet.Jobs.Common.csproj", "{4B4B1EFB-8F33-42E6-B79F-54E7F3293D31}"
EndProject
Project("{2150E333-8FDC-42A3-9474-1A3956D46DE8}") = ".nuget", ".nuget", "{05F997A5-CD3A-4C60-9CCB-D630542EDA48}"
	ProjectSection(SolutionItems) = preProject
		.nuget\NuGet.config = .nuget\NuGet.config
	EndProjectSection
EndProject
Project("{2150E333-8FDC-42A3-9474-1A3956D46DE8}") = "tests", "tests", "{6A776396-02B1-475D-A104-26940ADB04AB}"
EndProject
Project("{FAE04EC0-301F-11D3-BF4B-00C04F79EFBC}") = "Tests.AzureJobTraceListener", "src\Tests.Logger\Tests.AzureJobTraceListener.csproj", "{7EBE57A8-D3B1-44FE-A467-AEC5636CA82B}"
EndProject
Project("{2150E333-8FDC-42A3-9474-1A3956D46DE8}") = "Unclassified", "Unclassified", "{FA5644B5-4F08-43F6-86B3-039374312A47}"
EndProject
Project("{FAE04EC0-301F-11D3-BF4B-00C04F79EFBC}") = "ArchivePackages", "src\ArchivePackages\ArchivePackages.csproj", "{A08F0185-4DA3-4D5B-BF0C-B178596D5789}"
EndProject
Project("{FAE04EC0-301F-11D3-BF4B-00C04F79EFBC}") = "Tests.AppConfig.AzureJobTraceListener", "src\Tests.AppConfig.AzureJobTraceListener\Tests.AppConfig.AzureJobTraceListener.csproj", "{C520044F-0D65-4A12-BC0E-57FB3AAA7546}"
EndProject
Project("{2150E333-8FDC-42A3-9474-1A3956D46DE8}") = "Search", "Search", "{57F34E9A-3A98-4E48-BF76-D49CB9CB3323}"
EndProject
Project("{FAE04EC0-301F-11D3-BF4B-00C04F79EFBC}") = "Search.RebuildIndex", "src\Search.RebuildIndex\Search.RebuildIndex.csproj", "{B865DC6D-30DF-414A-BD38-A98343736E5B}"
EndProject
Project("{FAE04EC0-301F-11D3-BF4B-00C04F79EFBC}") = "Search.UpdateIndex", "src\Search.UpdateIndex\Search.UpdateIndex.csproj", "{71135398-BF06-4105-9BC0-5D1880E9D645}"
EndProject
Project("{FAE04EC0-301F-11D3-BF4B-00C04F79EFBC}") = "HandlePackageEdits", "src\HandlePackageEdits\HandlePackageEdits.csproj", "{C959B545-51C8-4D83-B9A0-243BBC199E49}"
EndProject
Project("{FAE04EC0-301F-11D3-BF4B-00C04F79EFBC}") = "UpdateLicenseReports", "src\UpdateLicenseReports\UpdateLicenseReports.csproj", "{4646F0C5-EC7A-45F5-8E45-D51C715C1DC9}"
EndProject
Project("{FAE04EC0-301F-11D3-BF4B-00C04F79EFBC}") = "LoadTests", "src\LoadTests\LoadTests.csproj", "{FC4A7438-6EFD-437F-A077-8F5BF4654316}"
EndProject
Project("{2150E333-8FDC-42A3-9474-1A3956D46DE8}") = "Solution Items", "Solution Items", "{6078A997-EDEF-4F84-9E9C-163EB1E7454D}"
	ProjectSection(SolutionItems) = preProject
		Local.testsettings = Local.testsettings
	EndProjectSection
EndProject
Project("{FAE04EC0-301F-11D3-BF4B-00C04F79EFBC}") = "Stats.CollectAzureCdnLogs", "src\Stats.CollectAzureCdnLogs\Stats.CollectAzureCdnLogs.csproj", "{664CA8BB-BCF5-432C-AF68-9F97D308E623}"
EndProject
Project("{FAE04EC0-301F-11D3-BF4B-00C04F79EFBC}") = "Tests.Stats.CollectAzureCdnLogs", "tests\Tests.Stats.CollectAzureCdnLogs\Tests.Stats.CollectAzureCdnLogs.csproj", "{578BCF9F-673B-4F18-8095-3B69A3D946DD}"
EndProject
Project("{FAE04EC0-301F-11D3-BF4B-00C04F79EFBC}") = "Stats.AzureCdnLogs.Common", "src\Stats.AzureCdnLogs.Common\Stats.AzureCdnLogs.Common.csproj", "{F72C31A7-424D-48C6-924C-EBFD4BE0918B}"
EndProject
Project("{FAE04EC0-301F-11D3-BF4B-00C04F79EFBC}") = "Heartbeat", "src\Heartbeat\Heartbeat.csproj", "{C1FF41D6-D0A4-4BAB-923D-95570CAB3B7E}"
EndProject
Project("{FAE04EC0-301F-11D3-BF4B-00C04F79EFBC}") = "Tests.Heartbeat", "src\Tests.Heartbeat\Tests.Heartbeat.csproj", "{2D978000-59AE-41FC-8EF9-F4DD20106300}"
EndProject
Project("{FAE04EC0-301F-11D3-BF4B-00C04F79EFBC}") = "SendHeartbeatEmail", "src\SendHeartbeatEmail\SendHeartbeatEmail.csproj", "{85E631FF-0704-4EC0-9D67-EAD95C9A73CF}"
EndProject
Project("{FAE04EC0-301F-11D3-BF4B-00C04F79EFBC}") = "Stats.ImportAzureCdnStatistics", "src\Stats.ImportAzureCdnStatistics\Stats.ImportAzureCdnStatistics.csproj", "{5B0D3EC6-4326-47A7-AEE1-CC67D07D5C84}"
EndProject
Project("{00D1A9C2-B5F0-4AF3-8072-F6C62B433612}") = "Stats.Warehouse", "src\Stats.Warehouse\Stats.Warehouse.sqlproj", "{21846E0D-0E79-4E43-9D92-E78854370994}"
EndProject
Project("{FAE04EC0-301F-11D3-BF4B-00C04F79EFBC}") = "Tests.Stats.ImportAzureCdnStatistics", "tests\Tests.Stats.ImportAzureCdnStatistics\Tests.Stats.ImportAzureCdnStatistics.csproj", "{80073256-BF15-4E92-B63A-D6922493DA27}"
EndProject
Project("{2150E333-8FDC-42A3-9474-1A3956D46DE8}") = "Statistics", "Statistics", "{B9D03824-A9CA-43AC-86D6-8BB399B9A228}"
EndProject
Project("{FAE04EC0-301F-11D3-BF4B-00C04F79EFBC}") = "Stats.CreateAzureCdnDownloadCountReports", "src\Stats.CreateAzureCdnDownloadCountReports\Stats.CreateAzureCdnDownloadCountReports.csproj", "{7275F6E2-0A0B-4C28-BB64-94B8C9E8F3E8}"
EndProject
Project("{FAE04EC0-301F-11D3-BF4B-00C04F79EFBC}") = "Stats.CreateAzureCdnWarehouseReports", "src\Stats.CreateAzureCdnWarehouseReports\Stats.CreateAzureCdnWarehouseReports.csproj", "{E9D937CE-7D3D-4B4A-8FD1-AF721F362948}"
EndProject
Project("{FAE04EC0-301F-11D3-BF4B-00C04F79EFBC}") = "Stats.AggregateCdnDownloadsInGallery", "src\Stats.AggregateCdnDownloadsInGallery\Stats.AggregateCdnDownloadsInGallery.csproj", "{6E27275F-0A0B-BB64-4C28-8F3E894B8C9E}"
EndProject
Project("{FAE04EC0-301F-11D3-BF4B-00C04F79EFBC}") = "Stats.RefreshClientDimension", "src\Stats.RefreshClientDimension\Stats.RefreshClientDimension.csproj", "{B5C01B7A-933D-483E-AF07-6AA266B0EB49}"
EndProject
Project("{2150E333-8FDC-42A3-9474-1A3956D46DE8}") = "LicenseReports", "LicenseReports", "{88651B16-6E56-426F-B8D8-849279A86D59}"
EndProject
Project("{FAE04EC0-301F-11D3-BF4B-00C04F79EFBC}") = "Search.GenerateAuxiliaryData", "src\Search.GenerateAuxiliaryData\Search.GenerateAuxiliaryData.csproj", "{CF7645A4-B4C0-4827-B6B0-AE42108071C6}"
EndProject
Global
	GlobalSection(SolutionConfigurationPlatforms) = preSolution
		Debug|Any CPU = Debug|Any CPU
		Release|Any CPU = Release|Any CPU
	EndGlobalSection
	GlobalSection(ProjectConfigurationPlatforms) = postSolution
		{4B4B1EFB-8F33-42E6-B79F-54E7F3293D31}.Debug|Any CPU.ActiveCfg = Debug|Any CPU
		{4B4B1EFB-8F33-42E6-B79F-54E7F3293D31}.Debug|Any CPU.Build.0 = Debug|Any CPU
		{4B4B1EFB-8F33-42E6-B79F-54E7F3293D31}.Release|Any CPU.ActiveCfg = Release|Any CPU
		{4B4B1EFB-8F33-42E6-B79F-54E7F3293D31}.Release|Any CPU.Build.0 = Release|Any CPU
		{7EBE57A8-D3B1-44FE-A467-AEC5636CA82B}.Debug|Any CPU.ActiveCfg = Debug|Any CPU
		{7EBE57A8-D3B1-44FE-A467-AEC5636CA82B}.Debug|Any CPU.Build.0 = Debug|Any CPU
		{7EBE57A8-D3B1-44FE-A467-AEC5636CA82B}.Release|Any CPU.ActiveCfg = Release|Any CPU
		{7EBE57A8-D3B1-44FE-A467-AEC5636CA82B}.Release|Any CPU.Build.0 = Release|Any CPU
		{A08F0185-4DA3-4D5B-BF0C-B178596D5789}.Debug|Any CPU.ActiveCfg = Debug|Any CPU
		{A08F0185-4DA3-4D5B-BF0C-B178596D5789}.Debug|Any CPU.Build.0 = Debug|Any CPU
		{A08F0185-4DA3-4D5B-BF0C-B178596D5789}.Release|Any CPU.ActiveCfg = Release|Any CPU
		{A08F0185-4DA3-4D5B-BF0C-B178596D5789}.Release|Any CPU.Build.0 = Release|Any CPU
		{C520044F-0D65-4A12-BC0E-57FB3AAA7546}.Debug|Any CPU.ActiveCfg = Debug|Any CPU
		{C520044F-0D65-4A12-BC0E-57FB3AAA7546}.Debug|Any CPU.Build.0 = Debug|Any CPU
		{C520044F-0D65-4A12-BC0E-57FB3AAA7546}.Release|Any CPU.ActiveCfg = Release|Any CPU
		{C520044F-0D65-4A12-BC0E-57FB3AAA7546}.Release|Any CPU.Build.0 = Release|Any CPU
		{B865DC6D-30DF-414A-BD38-A98343736E5B}.Debug|Any CPU.ActiveCfg = Debug|Any CPU
		{B865DC6D-30DF-414A-BD38-A98343736E5B}.Debug|Any CPU.Build.0 = Debug|Any CPU
		{B865DC6D-30DF-414A-BD38-A98343736E5B}.Release|Any CPU.ActiveCfg = Release|Any CPU
		{B865DC6D-30DF-414A-BD38-A98343736E5B}.Release|Any CPU.Build.0 = Release|Any CPU
		{71135398-BF06-4105-9BC0-5D1880E9D645}.Debug|Any CPU.ActiveCfg = Debug|Any CPU
		{71135398-BF06-4105-9BC0-5D1880E9D645}.Debug|Any CPU.Build.0 = Debug|Any CPU
		{71135398-BF06-4105-9BC0-5D1880E9D645}.Release|Any CPU.ActiveCfg = Release|Any CPU
		{71135398-BF06-4105-9BC0-5D1880E9D645}.Release|Any CPU.Build.0 = Release|Any CPU
		{C959B545-51C8-4D83-B9A0-243BBC199E49}.Debug|Any CPU.ActiveCfg = Debug|Any CPU
		{C959B545-51C8-4D83-B9A0-243BBC199E49}.Debug|Any CPU.Build.0 = Debug|Any CPU
		{C959B545-51C8-4D83-B9A0-243BBC199E49}.Release|Any CPU.ActiveCfg = Release|Any CPU
		{C959B545-51C8-4D83-B9A0-243BBC199E49}.Release|Any CPU.Build.0 = Release|Any CPU
		{4646F0C5-EC7A-45F5-8E45-D51C715C1DC9}.Debug|Any CPU.ActiveCfg = Debug|Any CPU
		{4646F0C5-EC7A-45F5-8E45-D51C715C1DC9}.Debug|Any CPU.Build.0 = Debug|Any CPU
		{4646F0C5-EC7A-45F5-8E45-D51C715C1DC9}.Release|Any CPU.ActiveCfg = Release|Any CPU
		{4646F0C5-EC7A-45F5-8E45-D51C715C1DC9}.Release|Any CPU.Build.0 = Release|Any CPU
		{FC4A7438-6EFD-437F-A077-8F5BF4654316}.Debug|Any CPU.ActiveCfg = Debug|Any CPU
		{FC4A7438-6EFD-437F-A077-8F5BF4654316}.Debug|Any CPU.Build.0 = Debug|Any CPU
		{FC4A7438-6EFD-437F-A077-8F5BF4654316}.Release|Any CPU.ActiveCfg = Release|Any CPU
		{FC4A7438-6EFD-437F-A077-8F5BF4654316}.Release|Any CPU.Build.0 = Release|Any CPU
		{664CA8BB-BCF5-432C-AF68-9F97D308E623}.Debug|Any CPU.ActiveCfg = Debug|Any CPU
		{664CA8BB-BCF5-432C-AF68-9F97D308E623}.Debug|Any CPU.Build.0 = Debug|Any CPU
		{664CA8BB-BCF5-432C-AF68-9F97D308E623}.Release|Any CPU.ActiveCfg = Release|Any CPU
		{664CA8BB-BCF5-432C-AF68-9F97D308E623}.Release|Any CPU.Build.0 = Release|Any CPU
		{578BCF9F-673B-4F18-8095-3B69A3D946DD}.Debug|Any CPU.ActiveCfg = Debug|Any CPU
		{578BCF9F-673B-4F18-8095-3B69A3D946DD}.Debug|Any CPU.Build.0 = Debug|Any CPU
		{578BCF9F-673B-4F18-8095-3B69A3D946DD}.Release|Any CPU.ActiveCfg = Release|Any CPU
		{578BCF9F-673B-4F18-8095-3B69A3D946DD}.Release|Any CPU.Build.0 = Release|Any CPU
		{F72C31A7-424D-48C6-924C-EBFD4BE0918B}.Debug|Any CPU.ActiveCfg = Debug|Any CPU
		{F72C31A7-424D-48C6-924C-EBFD4BE0918B}.Debug|Any CPU.Build.0 = Debug|Any CPU
		{F72C31A7-424D-48C6-924C-EBFD4BE0918B}.Release|Any CPU.ActiveCfg = Release|Any CPU
		{F72C31A7-424D-48C6-924C-EBFD4BE0918B}.Release|Any CPU.Build.0 = Release|Any CPU
		{C1FF41D6-D0A4-4BAB-923D-95570CAB3B7E}.Debug|Any CPU.ActiveCfg = Debug|Any CPU
		{C1FF41D6-D0A4-4BAB-923D-95570CAB3B7E}.Debug|Any CPU.Build.0 = Debug|Any CPU
		{C1FF41D6-D0A4-4BAB-923D-95570CAB3B7E}.Release|Any CPU.ActiveCfg = Release|Any CPU
		{C1FF41D6-D0A4-4BAB-923D-95570CAB3B7E}.Release|Any CPU.Build.0 = Release|Any CPU
		{2D978000-59AE-41FC-8EF9-F4DD20106300}.Debug|Any CPU.ActiveCfg = Debug|Any CPU
		{2D978000-59AE-41FC-8EF9-F4DD20106300}.Debug|Any CPU.Build.0 = Debug|Any CPU
		{2D978000-59AE-41FC-8EF9-F4DD20106300}.Release|Any CPU.ActiveCfg = Release|Any CPU
		{2D978000-59AE-41FC-8EF9-F4DD20106300}.Release|Any CPU.Build.0 = Release|Any CPU
		{85E631FF-0704-4EC0-9D67-EAD95C9A73CF}.Debug|Any CPU.ActiveCfg = Debug|Any CPU
		{85E631FF-0704-4EC0-9D67-EAD95C9A73CF}.Debug|Any CPU.Build.0 = Debug|Any CPU
		{85E631FF-0704-4EC0-9D67-EAD95C9A73CF}.Release|Any CPU.ActiveCfg = Release|Any CPU
		{85E631FF-0704-4EC0-9D67-EAD95C9A73CF}.Release|Any CPU.Build.0 = Release|Any CPU
		{5B0D3EC6-4326-47A7-AEE1-CC67D07D5C84}.Debug|Any CPU.ActiveCfg = Debug|Any CPU
		{5B0D3EC6-4326-47A7-AEE1-CC67D07D5C84}.Debug|Any CPU.Build.0 = Debug|Any CPU
		{5B0D3EC6-4326-47A7-AEE1-CC67D07D5C84}.Release|Any CPU.ActiveCfg = Release|Any CPU
		{5B0D3EC6-4326-47A7-AEE1-CC67D07D5C84}.Release|Any CPU.Build.0 = Release|Any CPU
		{21846E0D-0E79-4E43-9D92-E78854370994}.Debug|Any CPU.ActiveCfg = Debug|Any CPU
		{21846E0D-0E79-4E43-9D92-E78854370994}.Debug|Any CPU.Build.0 = Debug|Any CPU
		{21846E0D-0E79-4E43-9D92-E78854370994}.Debug|Any CPU.Deploy.0 = Debug|Any CPU
		{21846E0D-0E79-4E43-9D92-E78854370994}.Release|Any CPU.ActiveCfg = Release|Any CPU
		{21846E0D-0E79-4E43-9D92-E78854370994}.Release|Any CPU.Build.0 = Release|Any CPU
		{21846E0D-0E79-4E43-9D92-E78854370994}.Release|Any CPU.Deploy.0 = Release|Any CPU
		{80073256-BF15-4E92-B63A-D6922493DA27}.Debug|Any CPU.ActiveCfg = Debug|Any CPU
		{80073256-BF15-4E92-B63A-D6922493DA27}.Debug|Any CPU.Build.0 = Debug|Any CPU
		{80073256-BF15-4E92-B63A-D6922493DA27}.Release|Any CPU.ActiveCfg = Release|Any CPU
		{80073256-BF15-4E92-B63A-D6922493DA27}.Release|Any CPU.Build.0 = Release|Any CPU
		{7275F6E2-0A0B-4C28-BB64-94B8C9E8F3E8}.Debug|Any CPU.ActiveCfg = Debug|Any CPU
		{7275F6E2-0A0B-4C28-BB64-94B8C9E8F3E8}.Debug|Any CPU.Build.0 = Debug|Any CPU
		{7275F6E2-0A0B-4C28-BB64-94B8C9E8F3E8}.Release|Any CPU.ActiveCfg = Release|Any CPU
		{7275F6E2-0A0B-4C28-BB64-94B8C9E8F3E8}.Release|Any CPU.Build.0 = Release|Any CPU
		{E9D937CE-7D3D-4B4A-8FD1-AF721F362948}.Debug|Any CPU.ActiveCfg = Debug|Any CPU
		{E9D937CE-7D3D-4B4A-8FD1-AF721F362948}.Debug|Any CPU.Build.0 = Debug|Any CPU
		{E9D937CE-7D3D-4B4A-8FD1-AF721F362948}.Release|Any CPU.ActiveCfg = Release|Any CPU
		{E9D937CE-7D3D-4B4A-8FD1-AF721F362948}.Release|Any CPU.Build.0 = Release|Any CPU
		{6E27275F-0A0B-BB64-4C28-8F3E894B8C9E}.Debug|Any CPU.ActiveCfg = Debug|Any CPU
		{6E27275F-0A0B-BB64-4C28-8F3E894B8C9E}.Debug|Any CPU.Build.0 = Debug|Any CPU
		{6E27275F-0A0B-BB64-4C28-8F3E894B8C9E}.Release|Any CPU.ActiveCfg = Release|Any CPU
		{6E27275F-0A0B-BB64-4C28-8F3E894B8C9E}.Release|Any CPU.Build.0 = Release|Any CPU
		{B5C01B7A-933D-483E-AF07-6AA266B0EB49}.Debug|Any CPU.ActiveCfg = Debug|Any CPU
		{B5C01B7A-933D-483E-AF07-6AA266B0EB49}.Debug|Any CPU.Build.0 = Debug|Any CPU
		{B5C01B7A-933D-483E-AF07-6AA266B0EB49}.Release|Any CPU.ActiveCfg = Release|Any CPU
		{B5C01B7A-933D-483E-AF07-6AA266B0EB49}.Release|Any CPU.Build.0 = Release|Any CPU
		{CF7645A4-B4C0-4827-B6B0-AE42108071C6}.Debug|Any CPU.ActiveCfg = Debug|Any CPU
		{CF7645A4-B4C0-4827-B6B0-AE42108071C6}.Debug|Any CPU.Build.0 = Debug|Any CPU
		{CF7645A4-B4C0-4827-B6B0-AE42108071C6}.Release|Any CPU.ActiveCfg = Release|Any CPU
		{CF7645A4-B4C0-4827-B6B0-AE42108071C6}.Release|Any CPU.Build.0 = Release|Any CPU
	EndGlobalSection
	GlobalSection(SolutionProperties) = preSolution
		HideSolutionNode = FALSE
	EndGlobalSection
	GlobalSection(NestedProjects) = preSolution
		{7EBE57A8-D3B1-44FE-A467-AEC5636CA82B} = {6A776396-02B1-475D-A104-26940ADB04AB}
		{A08F0185-4DA3-4D5B-BF0C-B178596D5789} = {FA5644B5-4F08-43F6-86B3-039374312A47}
		{C520044F-0D65-4A12-BC0E-57FB3AAA7546} = {6A776396-02B1-475D-A104-26940ADB04AB}
		{B865DC6D-30DF-414A-BD38-A98343736E5B} = {57F34E9A-3A98-4E48-BF76-D49CB9CB3323}
		{71135398-BF06-4105-9BC0-5D1880E9D645} = {57F34E9A-3A98-4E48-BF76-D49CB9CB3323}
		{C959B545-51C8-4D83-B9A0-243BBC199E49} = {FA5644B5-4F08-43F6-86B3-039374312A47}
		{4646F0C5-EC7A-45F5-8E45-D51C715C1DC9} = {88651B16-6E56-426F-B8D8-849279A86D59}
		{FC4A7438-6EFD-437F-A077-8F5BF4654316} = {6A776396-02B1-475D-A104-26940ADB04AB}
		{6078A997-EDEF-4F84-9E9C-163EB1E7454D} = {6A776396-02B1-475D-A104-26940ADB04AB}
		{664CA8BB-BCF5-432C-AF68-9F97D308E623} = {B9D03824-A9CA-43AC-86D6-8BB399B9A228}
		{578BCF9F-673B-4F18-8095-3B69A3D946DD} = {6A776396-02B1-475D-A104-26940ADB04AB}
		{F72C31A7-424D-48C6-924C-EBFD4BE0918B} = {B9D03824-A9CA-43AC-86D6-8BB399B9A228}
		{C1FF41D6-D0A4-4BAB-923D-95570CAB3B7E} = {FA5644B5-4F08-43F6-86B3-039374312A47}
		{2D978000-59AE-41FC-8EF9-F4DD20106300} = {6A776396-02B1-475D-A104-26940ADB04AB}
		{85E631FF-0704-4EC0-9D67-EAD95C9A73CF} = {FA5644B5-4F08-43F6-86B3-039374312A47}
		{5B0D3EC6-4326-47A7-AEE1-CC67D07D5C84} = {B9D03824-A9CA-43AC-86D6-8BB399B9A228}
		{21846E0D-0E79-4E43-9D92-E78854370994} = {B9D03824-A9CA-43AC-86D6-8BB399B9A228}
		{80073256-BF15-4E92-B63A-D6922493DA27} = {6A776396-02B1-475D-A104-26940ADB04AB}
		{7275F6E2-0A0B-4C28-BB64-94B8C9E8F3E8} = {B9D03824-A9CA-43AC-86D6-8BB399B9A228}
		{E9D937CE-7D3D-4B4A-8FD1-AF721F362948} = {B9D03824-A9CA-43AC-86D6-8BB399B9A228}
		{6E27275F-0A0B-BB64-4C28-8F3E894B8C9E} = {B9D03824-A9CA-43AC-86D6-8BB399B9A228}
		{B5C01B7A-933D-483E-AF07-6AA266B0EB49} = {B9D03824-A9CA-43AC-86D6-8BB399B9A228}
		{CF7645A4-B4C0-4827-B6B0-AE42108071C6} = {57F34E9A-3A98-4E48-BF76-D49CB9CB3323}
	EndGlobalSection
EndGlobal
