
Microsoft Visual Studio Solution File, Format Version 12.00
# Visual Studio 2012
Project("{2150E333-8FDC-42A3-9474-1A3956D46DE8}") = ".nuget", ".nuget", "{A46FA405-3DA9-4403-BAF9-60D9F021EA1E}"
	ProjectSection(SolutionItems) = preProject
		.nuget\NuGet.Config = .nuget\NuGet.Config
		.nuget\NuGet.exe = .nuget\NuGet.exe
		.nuget\NuGet.targets = .nuget\NuGet.targets
	EndProjectSection
EndProject
Project("{FAE04EC0-301F-11D3-BF4B-00C04F79EFBC}") = "NuGetGallery.Operations", "Source\NuGetGallery.Operations\NuGetGallery.Operations.csproj", "{DBECF66B-8F2F-4B32-9143-E243BAFF12DF}"
EndProject
Project("{FAE04EC0-301F-11D3-BF4B-00C04F79EFBC}") = "NuGetGallery.Operations.Tools", "Source\NuGetGallery.Operations.Tools\NuGetGallery.Operations.Tools.csproj", "{F240D1BC-BBFB-4F22-9DF8-3FDE36BFD665}"
EndProject
Project("{FAE04EC0-301F-11D3-BF4B-00C04F79EFBC}") = "NuGetGallery.Operations.Worker", "Source\NuGetGallery.Operations.Worker\NuGetGallery.Operations.Worker.csproj", "{7F92C174-5310-4090-A6A3-3CC7C67C19D6}"
EndProject
Project("{2150E333-8FDC-42A3-9474-1A3956D46DE8}") = "Operations", "Operations", "{5FB428CB-F22D-4C77-961C-3F3C51A36CDE}"
EndProject
Project("{2150E333-8FDC-42A3-9474-1A3956D46DE8}") = "Monitoring", "Monitoring", "{3489479A-8A18-4F39-A11A-11562861D167}"
EndProject
Project("{FAE04EC0-301F-11D3-BF4B-00C04F79EFBC}") = "NuGetGallery.Monitoring", "Source\NuGetGallery.Monitoring\NuGetGallery.Monitoring.csproj", "{DFF0089E-4918-4A12-992B-B9DD2C070B0F}"
EndProject
Project("{FAE04EC0-301F-11D3-BF4B-00C04F79EFBC}") = "NuGetGallery.Monitoring.Azure", "Source\NuGetGallery.Monitoring.Azure\NuGetGallery.Monitoring.Azure.csproj", "{6569F5ED-1DB6-433C-8C7F-E96C7B8E54BB}"
EndProject
Project("{2150E333-8FDC-42A3-9474-1A3956D46DE8}") = "Facts", "Facts", "{21DDA21B-B99A-4DCA-9820-84FAF1406B5D}"
EndProject
Global
	GlobalSection(SolutionConfigurationPlatforms) = preSolution
		Debug|Any CPU = Debug|Any CPU
		Debug|Mixed Platforms = Debug|Mixed Platforms
		Debug|x86 = Debug|x86
		Release|Any CPU = Release|Any CPU
		Release|Mixed Platforms = Release|Mixed Platforms
		Release|x86 = Release|x86
	EndGlobalSection
	GlobalSection(ProjectConfigurationPlatforms) = postSolution
		{DBECF66B-8F2F-4B32-9143-E243BAFF12DF}.Debug|Any CPU.ActiveCfg = Debug|Any CPU
		{DBECF66B-8F2F-4B32-9143-E243BAFF12DF}.Debug|Any CPU.Build.0 = Debug|Any CPU
		{DBECF66B-8F2F-4B32-9143-E243BAFF12DF}.Debug|Mixed Platforms.ActiveCfg = Debug|Any CPU
		{DBECF66B-8F2F-4B32-9143-E243BAFF12DF}.Debug|Mixed Platforms.Build.0 = Debug|Any CPU
		{DBECF66B-8F2F-4B32-9143-E243BAFF12DF}.Debug|x86.ActiveCfg = Debug|Any CPU
		{DBECF66B-8F2F-4B32-9143-E243BAFF12DF}.Release|Any CPU.ActiveCfg = Release|Any CPU
		{DBECF66B-8F2F-4B32-9143-E243BAFF12DF}.Release|Any CPU.Build.0 = Release|Any CPU
		{DBECF66B-8F2F-4B32-9143-E243BAFF12DF}.Release|Mixed Platforms.ActiveCfg = Release|Any CPU
		{DBECF66B-8F2F-4B32-9143-E243BAFF12DF}.Release|Mixed Platforms.Build.0 = Release|Any CPU
		{DBECF66B-8F2F-4B32-9143-E243BAFF12DF}.Release|x86.ActiveCfg = Release|Any CPU
		{F240D1BC-BBFB-4F22-9DF8-3FDE36BFD665}.Debug|Any CPU.ActiveCfg = Debug|x86
		{F240D1BC-BBFB-4F22-9DF8-3FDE36BFD665}.Debug|Mixed Platforms.ActiveCfg = Debug|x86
		{F240D1BC-BBFB-4F22-9DF8-3FDE36BFD665}.Debug|Mixed Platforms.Build.0 = Debug|x86
		{F240D1BC-BBFB-4F22-9DF8-3FDE36BFD665}.Debug|x86.ActiveCfg = Debug|x86
		{F240D1BC-BBFB-4F22-9DF8-3FDE36BFD665}.Debug|x86.Build.0 = Debug|x86
		{F240D1BC-BBFB-4F22-9DF8-3FDE36BFD665}.Release|Any CPU.ActiveCfg = Release|x86
		{F240D1BC-BBFB-4F22-9DF8-3FDE36BFD665}.Release|Mixed Platforms.ActiveCfg = Release|x86
		{F240D1BC-BBFB-4F22-9DF8-3FDE36BFD665}.Release|Mixed Platforms.Build.0 = Release|x86
		{F240D1BC-BBFB-4F22-9DF8-3FDE36BFD665}.Release|x86.ActiveCfg = Release|x86
		{F240D1BC-BBFB-4F22-9DF8-3FDE36BFD665}.Release|x86.Build.0 = Release|x86
		{7F92C174-5310-4090-A6A3-3CC7C67C19D6}.Debug|Any CPU.ActiveCfg = Debug|Any CPU
		{7F92C174-5310-4090-A6A3-3CC7C67C19D6}.Debug|Any CPU.Build.0 = Debug|Any CPU
		{7F92C174-5310-4090-A6A3-3CC7C67C19D6}.Debug|Mixed Platforms.ActiveCfg = Debug|Any CPU
		{7F92C174-5310-4090-A6A3-3CC7C67C19D6}.Debug|Mixed Platforms.Build.0 = Debug|Any CPU
		{7F92C174-5310-4090-A6A3-3CC7C67C19D6}.Debug|x86.ActiveCfg = Debug|Any CPU
		{7F92C174-5310-4090-A6A3-3CC7C67C19D6}.Release|Any CPU.ActiveCfg = Release|Any CPU
		{7F92C174-5310-4090-A6A3-3CC7C67C19D6}.Release|Any CPU.Build.0 = Release|Any CPU
		{7F92C174-5310-4090-A6A3-3CC7C67C19D6}.Release|Mixed Platforms.ActiveCfg = Release|Any CPU
		{7F92C174-5310-4090-A6A3-3CC7C67C19D6}.Release|Mixed Platforms.Build.0 = Release|Any CPU
		{7F92C174-5310-4090-A6A3-3CC7C67C19D6}.Release|x86.ActiveCfg = Release|Any CPU
		{DFF0089E-4918-4A12-992B-B9DD2C070B0F}.Debug|Any CPU.ActiveCfg = Debug|Any CPU
		{DFF0089E-4918-4A12-992B-B9DD2C070B0F}.Debug|Any CPU.Build.0 = Debug|Any CPU
		{DFF0089E-4918-4A12-992B-B9DD2C070B0F}.Debug|Mixed Platforms.ActiveCfg = Debug|Any CPU
		{DFF0089E-4918-4A12-992B-B9DD2C070B0F}.Debug|Mixed Platforms.Build.0 = Debug|Any CPU
		{DFF0089E-4918-4A12-992B-B9DD2C070B0F}.Debug|x86.ActiveCfg = Debug|Any CPU
		{DFF0089E-4918-4A12-992B-B9DD2C070B0F}.Release|Any CPU.ActiveCfg = Release|Any CPU
		{DFF0089E-4918-4A12-992B-B9DD2C070B0F}.Release|Any CPU.Build.0 = Release|Any CPU
		{DFF0089E-4918-4A12-992B-B9DD2C070B0F}.Release|Mixed Platforms.ActiveCfg = Release|Any CPU
		{DFF0089E-4918-4A12-992B-B9DD2C070B0F}.Release|Mixed Platforms.Build.0 = Release|Any CPU
		{DFF0089E-4918-4A12-992B-B9DD2C070B0F}.Release|x86.ActiveCfg = Release|Any CPU
		{6569F5ED-1DB6-433C-8C7F-E96C7B8E54BB}.Debug|Any CPU.ActiveCfg = Debug|Any CPU
		{6569F5ED-1DB6-433C-8C7F-E96C7B8E54BB}.Debug|Any CPU.Build.0 = Debug|Any CPU
		{6569F5ED-1DB6-433C-8C7F-E96C7B8E54BB}.Debug|Mixed Platforms.ActiveCfg = Debug|Any CPU
		{6569F5ED-1DB6-433C-8C7F-E96C7B8E54BB}.Debug|Mixed Platforms.Build.0 = Debug|Any CPU
		{6569F5ED-1DB6-433C-8C7F-E96C7B8E54BB}.Debug|x86.ActiveCfg = Debug|Any CPU
		{6569F5ED-1DB6-433C-8C7F-E96C7B8E54BB}.Release|Any CPU.ActiveCfg = Release|Any CPU
		{6569F5ED-1DB6-433C-8C7F-E96C7B8E54BB}.Release|Any CPU.Build.0 = Release|Any CPU
		{6569F5ED-1DB6-433C-8C7F-E96C7B8E54BB}.Release|Mixed Platforms.ActiveCfg = Release|Any CPU
		{6569F5ED-1DB6-433C-8C7F-E96C7B8E54BB}.Release|Mixed Platforms.Build.0 = Release|Any CPU
		{6569F5ED-1DB6-433C-8C7F-E96C7B8E54BB}.Release|x86.ActiveCfg = Release|Any CPU
	EndGlobalSection
	GlobalSection(SolutionProperties) = preSolution
		HideSolutionNode = FALSE
	EndGlobalSection
	GlobalSection(NestedProjects) = preSolution
		{F240D1BC-BBFB-4F22-9DF8-3FDE36BFD665} = {5FB428CB-F22D-4C77-961C-3F3C51A36CDE}
		{7F92C174-5310-4090-A6A3-3CC7C67C19D6} = {5FB428CB-F22D-4C77-961C-3F3C51A36CDE}
		{DBECF66B-8F2F-4B32-9143-E243BAFF12DF} = {5FB428CB-F22D-4C77-961C-3F3C51A36CDE}
		{DFF0089E-4918-4A12-992B-B9DD2C070B0F} = {3489479A-8A18-4F39-A11A-11562861D167}
		{6569F5ED-1DB6-433C-8C7F-E96C7B8E54BB} = {3489479A-8A18-4F39-A11A-11562861D167}
	EndGlobalSection
EndGlobal
