
Microsoft Visual Studio Solution File, Format Version 12.00
# Visual Studio 14
VisualStudioVersion = 14.0.25420.1
MinimumVisualStudioVersion = 10.0.40219.1
Project("{8BB2217D-0F2D-49D1-97BC-3654ED321F3B}") = "NuGet.Services.Logging", "src\NuGet.Services.Logging\NuGet.Services.Logging.xproj", "{3A70A370-5ABE-4A53-B5B9-297DB288964E}"
EndProject
Project("{2150E333-8FDC-42A3-9474-1A3956D46DE8}") = "src", "src", "{8415FED7-1BED-4227-8B4F-BB7C24E041CD}"
EndProject
Project("{8BB2217D-0F2D-49D1-97BC-3654ED321F3B}") = "NuGet.Services.Configuration", "src\NuGet.Services.Configuration\NuGet.Services.Configuration.xproj", "{E2D65F09-81A6-4D69-B128-C47C2DC43D36}"
EndProject
Project("{FAE04EC0-301F-11D3-BF4B-00C04F79EFBC}") = "NuGet.Services.KeyVault", "src\NuGet.Services.KeyVault\NuGet.Services.KeyVault.csproj", "{C87D0EF1-54AA-4B0B-89DE-CFF2DC941D11}"
EndProject
Project("{2150E333-8FDC-42A3-9474-1A3956D46DE8}") = "tests", "tests", "{7783A106-0F4C-4055-9AB4-413FB2C7B8F0}"
EndProject
Project("{FAE04EC0-301F-11D3-BF4B-00C04F79EFBC}") = "NuGet.Services.KeyVault.Tests", "tests\NuGet.Services.KeyVault.Tests\NuGet.Services.KeyVault.Tests.csproj", "{BA1FB5F1-8F6B-4558-862B-F47C3995B06A}"
EndProject
Global
	GlobalSection(SolutionConfigurationPlatforms) = preSolution
		Debug|Any CPU = Debug|Any CPU
		Release|Any CPU = Release|Any CPU
	EndGlobalSection
	GlobalSection(ProjectConfigurationPlatforms) = postSolution
		{3A70A370-5ABE-4A53-B5B9-297DB288964E}.Debug|Any CPU.ActiveCfg = Debug|Any CPU
		{3A70A370-5ABE-4A53-B5B9-297DB288964E}.Debug|Any CPU.Build.0 = Debug|Any CPU
		{3A70A370-5ABE-4A53-B5B9-297DB288964E}.Release|Any CPU.ActiveCfg = Release|Any CPU
		{3A70A370-5ABE-4A53-B5B9-297DB288964E}.Release|Any CPU.Build.0 = Release|Any CPU
		{E2D65F09-81A6-4D69-B128-C47C2DC43D36}.Debug|Any CPU.ActiveCfg = Debug|Any CPU
		{E2D65F09-81A6-4D69-B128-C47C2DC43D36}.Debug|Any CPU.Build.0 = Debug|Any CPU
		{E2D65F09-81A6-4D69-B128-C47C2DC43D36}.Release|Any CPU.ActiveCfg = Release|Any CPU
		{E2D65F09-81A6-4D69-B128-C47C2DC43D36}.Release|Any CPU.Build.0 = Release|Any CPU
		{C87D0EF1-54AA-4B0B-89DE-CFF2DC941D11}.Debug|Any CPU.ActiveCfg = Debug|Any CPU
		{C87D0EF1-54AA-4B0B-89DE-CFF2DC941D11}.Debug|Any CPU.Build.0 = Debug|Any CPU
		{C87D0EF1-54AA-4B0B-89DE-CFF2DC941D11}.Release|Any CPU.ActiveCfg = Release|Any CPU
		{C87D0EF1-54AA-4B0B-89DE-CFF2DC941D11}.Release|Any CPU.Build.0 = Release|Any CPU
		{BA1FB5F1-8F6B-4558-862B-F47C3995B06A}.Debug|Any CPU.ActiveCfg = Debug|Any CPU
		{BA1FB5F1-8F6B-4558-862B-F47C3995B06A}.Debug|Any CPU.Build.0 = Debug|Any CPU
		{BA1FB5F1-8F6B-4558-862B-F47C3995B06A}.Release|Any CPU.ActiveCfg = Release|Any CPU
		{BA1FB5F1-8F6B-4558-862B-F47C3995B06A}.Release|Any CPU.Build.0 = Release|Any CPU
	EndGlobalSection
	GlobalSection(SolutionProperties) = preSolution
		HideSolutionNode = FALSE
	EndGlobalSection
	GlobalSection(NestedProjects) = preSolution
		{3A70A370-5ABE-4A53-B5B9-297DB288964E} = {8415FED7-1BED-4227-8B4F-BB7C24E041CD}
		{E2D65F09-81A6-4D69-B128-C47C2DC43D36} = {8415FED7-1BED-4227-8B4F-BB7C24E041CD}
		{C87D0EF1-54AA-4B0B-89DE-CFF2DC941D11} = {8415FED7-1BED-4227-8B4F-BB7C24E041CD}
		{BA1FB5F1-8F6B-4558-862B-F47C3995B06A} = {7783A106-0F4C-4055-9AB4-413FB2C7B8F0}
	EndGlobalSection
EndGlobal
