
Microsoft Visual Studio Solution File, Format Version 12.00
# Visual Studio 2013
VisualStudioVersion = 12.0.21005.1
MinimumVisualStudioVersion = 10.0.40219.1
Project("{FAE04EC0-301F-11D3-BF4B-00C04F79EFBC}") = "JsonLDIntegrationTests", "tests\JsonLDIntegrationTests\JsonLDIntegrationTests\JsonLDIntegrationTests.csproj", "{6A4E128E-B06D-4541-AA78-C32A66B2AD9B}"
EndProject
Project("{FAE04EC0-301F-11D3-BF4B-00C04F79EFBC}") = "Nu", "src\MetadataClient\Nu.csproj", "{1C9E8DFE-C6DD-45BA-976E-84AE1076756E}"
EndProject
Project("{FAE04EC0-301F-11D3-BF4B-00C04F79EFBC}") = "Dependency", "src\Dependency\Dependency.csproj", "{EBC62955-6BDC-4403-AF33-DCCC999D89AA}"
EndProject
Project("{FAE04EC0-301F-11D3-BF4B-00C04F79EFBC}") = "NuGet.Services.Metadata.Catalog", "src\Catalog\NuGet.Services.Metadata.Catalog.csproj", "{E97F23B8-ECB0-4AFA-B00C-015C39395FEF}"
EndProject
Project("{FAE04EC0-301F-11D3-BF4B-00C04F79EFBC}") = "CatalogTests", "tests\CatalogTests\CatalogTests.csproj", "{4D0B6BAB-5A33-4A7F-B007-93194FC2E2E3}"
EndProject
Project("{FAE04EC0-301F-11D3-BF4B-00C04F79EFBC}") = "NuGet3.Client.Core", "src\NuGet3.Client.Core\NuGet3.Client.Core.csproj", "{C34D30AB-DF92-44FD-91CF-F331C97D0473}"
EndProject
Project("{FAE04EC0-301F-11D3-BF4B-00C04F79EFBC}") = "NuGet3.CommandLine", "src\NuGet3.CommandLine\NuGet3.CommandLine.csproj", "{057126D4-2AA0-4054-B2D2-C8DF3475A204}"
EndProject
Project("{FAE04EC0-301F-11D3-BF4B-00C04F79EFBC}") = "NuGetFeed", "src\NuGetFeed\NuGetFeed.csproj", "{BE1E746F-725F-43FE-AA6A-076F19E76602}"
EndProject
Project("{FAE04EC0-301F-11D3-BF4B-00C04F79EFBC}") = "NuGetFeedTests", "tests\NuGetFeedTests\NuGetFeedTests.csproj", "{C2318A2C-BBD3-4BDE-B742-EC3EF8C3E5FD}"
EndProject
Project("{FAE04EC0-301F-11D3-BF4B-00C04F79EFBC}") = "Ng", "src\Ng\Ng.csproj", "{5234D86F-2C0E-4181-AAB7-BBDA3253B4E1}"
EndProject
Global
	GlobalSection(SolutionConfigurationPlatforms) = preSolution
		Debug|Any CPU = Debug|Any CPU
		Release|Any CPU = Release|Any CPU
	EndGlobalSection
	GlobalSection(ProjectConfigurationPlatforms) = postSolution
		{6A4E128E-B06D-4541-AA78-C32A66B2AD9B}.Debug|Any CPU.ActiveCfg = Debug|Any CPU
		{6A4E128E-B06D-4541-AA78-C32A66B2AD9B}.Debug|Any CPU.Build.0 = Debug|Any CPU
		{6A4E128E-B06D-4541-AA78-C32A66B2AD9B}.Release|Any CPU.ActiveCfg = Release|Any CPU
		{6A4E128E-B06D-4541-AA78-C32A66B2AD9B}.Release|Any CPU.Build.0 = Release|Any CPU
		{1C9E8DFE-C6DD-45BA-976E-84AE1076756E}.Debug|Any CPU.ActiveCfg = Debug|Any CPU
		{1C9E8DFE-C6DD-45BA-976E-84AE1076756E}.Debug|Any CPU.Build.0 = Debug|Any CPU
		{1C9E8DFE-C6DD-45BA-976E-84AE1076756E}.Release|Any CPU.ActiveCfg = Release|Any CPU
		{1C9E8DFE-C6DD-45BA-976E-84AE1076756E}.Release|Any CPU.Build.0 = Release|Any CPU
		{EBC62955-6BDC-4403-AF33-DCCC999D89AA}.Debug|Any CPU.ActiveCfg = Debug|Any CPU
		{EBC62955-6BDC-4403-AF33-DCCC999D89AA}.Debug|Any CPU.Build.0 = Debug|Any CPU
		{EBC62955-6BDC-4403-AF33-DCCC999D89AA}.Release|Any CPU.ActiveCfg = Release|Any CPU
		{EBC62955-6BDC-4403-AF33-DCCC999D89AA}.Release|Any CPU.Build.0 = Release|Any CPU
		{E97F23B8-ECB0-4AFA-B00C-015C39395FEF}.Debug|Any CPU.ActiveCfg = Debug|Any CPU
		{E97F23B8-ECB0-4AFA-B00C-015C39395FEF}.Debug|Any CPU.Build.0 = Debug|Any CPU
		{E97F23B8-ECB0-4AFA-B00C-015C39395FEF}.Release|Any CPU.ActiveCfg = Release|Any CPU
		{E97F23B8-ECB0-4AFA-B00C-015C39395FEF}.Release|Any CPU.Build.0 = Release|Any CPU
		{4D0B6BAB-5A33-4A7F-B007-93194FC2E2E3}.Debug|Any CPU.ActiveCfg = Debug|Any CPU
		{4D0B6BAB-5A33-4A7F-B007-93194FC2E2E3}.Debug|Any CPU.Build.0 = Debug|Any CPU
		{4D0B6BAB-5A33-4A7F-B007-93194FC2E2E3}.Release|Any CPU.ActiveCfg = Release|Any CPU
		{4D0B6BAB-5A33-4A7F-B007-93194FC2E2E3}.Release|Any CPU.Build.0 = Release|Any CPU
		{C34D30AB-DF92-44FD-91CF-F331C97D0473}.Debug|Any CPU.ActiveCfg = Debug|Any CPU
		{C34D30AB-DF92-44FD-91CF-F331C97D0473}.Debug|Any CPU.Build.0 = Debug|Any CPU
		{C34D30AB-DF92-44FD-91CF-F331C97D0473}.Release|Any CPU.ActiveCfg = Release|Any CPU
		{C34D30AB-DF92-44FD-91CF-F331C97D0473}.Release|Any CPU.Build.0 = Release|Any CPU
		{057126D4-2AA0-4054-B2D2-C8DF3475A204}.Debug|Any CPU.ActiveCfg = Debug|Any CPU
		{057126D4-2AA0-4054-B2D2-C8DF3475A204}.Debug|Any CPU.Build.0 = Debug|Any CPU
		{057126D4-2AA0-4054-B2D2-C8DF3475A204}.Release|Any CPU.ActiveCfg = Release|Any CPU
		{057126D4-2AA0-4054-B2D2-C8DF3475A204}.Release|Any CPU.Build.0 = Release|Any CPU
		{BE1E746F-725F-43FE-AA6A-076F19E76602}.Debug|Any CPU.ActiveCfg = Debug|Any CPU
		{BE1E746F-725F-43FE-AA6A-076F19E76602}.Debug|Any CPU.Build.0 = Debug|Any CPU
		{BE1E746F-725F-43FE-AA6A-076F19E76602}.Release|Any CPU.ActiveCfg = Release|Any CPU
		{BE1E746F-725F-43FE-AA6A-076F19E76602}.Release|Any CPU.Build.0 = Release|Any CPU
		{C2318A2C-BBD3-4BDE-B742-EC3EF8C3E5FD}.Debug|Any CPU.ActiveCfg = Debug|Any CPU
		{C2318A2C-BBD3-4BDE-B742-EC3EF8C3E5FD}.Debug|Any CPU.Build.0 = Debug|Any CPU
		{C2318A2C-BBD3-4BDE-B742-EC3EF8C3E5FD}.Release|Any CPU.ActiveCfg = Release|Any CPU
		{C2318A2C-BBD3-4BDE-B742-EC3EF8C3E5FD}.Release|Any CPU.Build.0 = Release|Any CPU
		{5234D86F-2C0E-4181-AAB7-BBDA3253B4E1}.Debug|Any CPU.ActiveCfg = Debug|Any CPU
		{5234D86F-2C0E-4181-AAB7-BBDA3253B4E1}.Debug|Any CPU.Build.0 = Debug|Any CPU
		{5234D86F-2C0E-4181-AAB7-BBDA3253B4E1}.Release|Any CPU.ActiveCfg = Release|Any CPU
		{5234D86F-2C0E-4181-AAB7-BBDA3253B4E1}.Release|Any CPU.Build.0 = Release|Any CPU
	EndGlobalSection
	GlobalSection(SolutionProperties) = preSolution
		HideSolutionNode = FALSE
	EndGlobalSection
EndGlobal
