
Microsoft Visual Studio Solution File, Format Version 12.00
# Visual Studio 2013
VisualStudioVersion = 12.0.30723.0
MinimumVisualStudioVersion = 10.0.40219.1
Project("{FAE04EC0-301F-11D3-BF4B-00C04F79EFBC}") = "JsonLDIntegrationTests", "tests\JsonLDIntegrationTests\JsonLDIntegrationTests\JsonLDIntegrationTests.csproj", "{6A4E128E-B06D-4541-AA78-C32A66B2AD9B}"
EndProject
Project("{FAE04EC0-301F-11D3-BF4B-00C04F79EFBC}") = "Nu", "src\MetadataClient\Nu.csproj", "{1C9E8DFE-C6DD-45BA-976E-84AE1076756E}"
EndProject
Project("{FAE04EC0-301F-11D3-BF4B-00C04F79EFBC}") = "Dependency", "src\Dependency\Dependency.csproj", "{EBC62955-6BDC-4403-AF33-DCCC999D89AA}"
EndProject
Project("{FAE04EC0-301F-11D3-BF4B-00C04F79EFBC}") = "NuGet.Services.Metadata.Catalog", "src\Catalog\NuGet.Services.Metadata.Catalog.csproj", "{E97F23B8-ECB0-4AFA-B00C-015C39395FEF}"
EndProject
Project("{FAE04EC0-301F-11D3-BF4B-00C04F79EFBC}") = "CatalogTests", "tests\CatalogTests\CatalogTests.csproj", "{4D0B6BAB-5A33-4A7F-B007-93194FC2E2E3}"
EndProject
Project("{FAE04EC0-301F-11D3-BF4B-00C04F79EFBC}") = "NuGet3.Client.Core", "src\NuGet3.Client.Core\NuGet3.Client.Core.csproj", "{C34D30AB-DF92-44FD-91CF-F331C97D0473}"
EndProject
Project("{FAE04EC0-301F-11D3-BF4B-00C04F79EFBC}") = "NuGet3.CommandLine", "src\NuGet3.CommandLine\NuGet3.CommandLine.csproj", "{057126D4-2AA0-4054-B2D2-C8DF3475A204}"
EndProject
Project("{FAE04EC0-301F-11D3-BF4B-00C04F79EFBC}") = "NuGetFeed", "src\NuGetFeed\NuGetFeed.csproj", "{BE1E746F-725F-43FE-AA6A-076F19E76602}"
EndProject
Project("{FAE04EC0-301F-11D3-BF4B-00C04F79EFBC}") = "NuGetFeedTests", "tests\NuGetFeedTests\NuGetFeedTests.csproj", "{C2318A2C-BBD3-4BDE-B742-EC3EF8C3E5FD}"
EndProject
Project("{FAE04EC0-301F-11D3-BF4B-00C04F79EFBC}") = "Ng", "src\Ng\Ng.csproj", "{5234D86F-2C0E-4181-AAB7-BBDA3253B4E1}"
EndProject
Project("{2150E333-8FDC-42A3-9474-1A3956D46DE8}") = "Canton", "Canton", "{E935D13C-AF64-4896-A1B2-FA5D048C40F4}"
EndProject
Project("{FAE04EC0-301F-11D3-BF4B-00C04F79EFBC}") = "CantonLib", "src\Canton\CantonLib\CantonLib.csproj", "{291CE865-A96F-4E13-8840-3903F117C689}"
EndProject
Project("{FAE04EC0-301F-11D3-BF4B-00C04F79EFBC}") = "CantonOne", "src\Canton\CantonOne\CantonOne.csproj", "{6F18CEEE-4FD0-4F26-A2A1-A78F990F96D1}"
EndProject
Project("{FAE04EC0-301F-11D3-BF4B-00C04F79EFBC}") = "CantonMany", "src\Canton\CantonMany\CantonMany.csproj", "{2DE8E090-D2C2-4FE1-8F16-6EFB5447EC8D}"
EndProject
Global
	GlobalSection(SolutionConfigurationPlatforms) = preSolution
		Debug|Any CPU = Debug|Any CPU
		Debug|Mixed Platforms = Debug|Mixed Platforms
		Debug|x64 = Debug|x64
		Release|Any CPU = Release|Any CPU
		Release|Mixed Platforms = Release|Mixed Platforms
		Release|x64 = Release|x64
	EndGlobalSection
	GlobalSection(ProjectConfigurationPlatforms) = postSolution
		{6A4E128E-B06D-4541-AA78-C32A66B2AD9B}.Debug|Any CPU.ActiveCfg = Debug|Any CPU
		{6A4E128E-B06D-4541-AA78-C32A66B2AD9B}.Debug|Any CPU.Build.0 = Debug|Any CPU
		{6A4E128E-B06D-4541-AA78-C32A66B2AD9B}.Debug|Mixed Platforms.ActiveCfg = Debug|Any CPU
		{6A4E128E-B06D-4541-AA78-C32A66B2AD9B}.Debug|Mixed Platforms.Build.0 = Debug|Any CPU
		{6A4E128E-B06D-4541-AA78-C32A66B2AD9B}.Debug|x64.ActiveCfg = Debug|x64
		{6A4E128E-B06D-4541-AA78-C32A66B2AD9B}.Debug|x64.Build.0 = Debug|x64
		{6A4E128E-B06D-4541-AA78-C32A66B2AD9B}.Release|Any CPU.ActiveCfg = Release|Any CPU
		{6A4E128E-B06D-4541-AA78-C32A66B2AD9B}.Release|Any CPU.Build.0 = Release|Any CPU
		{6A4E128E-B06D-4541-AA78-C32A66B2AD9B}.Release|Mixed Platforms.ActiveCfg = Release|Any CPU
		{6A4E128E-B06D-4541-AA78-C32A66B2AD9B}.Release|Mixed Platforms.Build.0 = Release|Any CPU
		{6A4E128E-B06D-4541-AA78-C32A66B2AD9B}.Release|x64.ActiveCfg = Release|x64
		{6A4E128E-B06D-4541-AA78-C32A66B2AD9B}.Release|x64.Build.0 = Release|x64
		{1C9E8DFE-C6DD-45BA-976E-84AE1076756E}.Debug|Any CPU.ActiveCfg = Debug|Any CPU
		{1C9E8DFE-C6DD-45BA-976E-84AE1076756E}.Debug|Any CPU.Build.0 = Debug|Any CPU
		{1C9E8DFE-C6DD-45BA-976E-84AE1076756E}.Debug|Mixed Platforms.ActiveCfg = Debug|Any CPU
		{1C9E8DFE-C6DD-45BA-976E-84AE1076756E}.Debug|Mixed Platforms.Build.0 = Debug|Any CPU
		{1C9E8DFE-C6DD-45BA-976E-84AE1076756E}.Debug|x64.ActiveCfg = Debug|x64
		{1C9E8DFE-C6DD-45BA-976E-84AE1076756E}.Debug|x64.Build.0 = Debug|x64
		{1C9E8DFE-C6DD-45BA-976E-84AE1076756E}.Release|Any CPU.ActiveCfg = Release|Any CPU
		{1C9E8DFE-C6DD-45BA-976E-84AE1076756E}.Release|Any CPU.Build.0 = Release|Any CPU
		{1C9E8DFE-C6DD-45BA-976E-84AE1076756E}.Release|Mixed Platforms.ActiveCfg = Release|Any CPU
		{1C9E8DFE-C6DD-45BA-976E-84AE1076756E}.Release|Mixed Platforms.Build.0 = Release|Any CPU
		{1C9E8DFE-C6DD-45BA-976E-84AE1076756E}.Release|x64.ActiveCfg = Release|x64
		{1C9E8DFE-C6DD-45BA-976E-84AE1076756E}.Release|x64.Build.0 = Release|x64
		{EBC62955-6BDC-4403-AF33-DCCC999D89AA}.Debug|Any CPU.ActiveCfg = Debug|Any CPU
		{EBC62955-6BDC-4403-AF33-DCCC999D89AA}.Debug|Any CPU.Build.0 = Debug|Any CPU
		{EBC62955-6BDC-4403-AF33-DCCC999D89AA}.Debug|Mixed Platforms.ActiveCfg = Debug|Any CPU
		{EBC62955-6BDC-4403-AF33-DCCC999D89AA}.Debug|Mixed Platforms.Build.0 = Debug|Any CPU
		{EBC62955-6BDC-4403-AF33-DCCC999D89AA}.Debug|x64.ActiveCfg = Debug|x64
		{EBC62955-6BDC-4403-AF33-DCCC999D89AA}.Debug|x64.Build.0 = Debug|x64
		{EBC62955-6BDC-4403-AF33-DCCC999D89AA}.Release|Any CPU.ActiveCfg = Release|Any CPU
		{EBC62955-6BDC-4403-AF33-DCCC999D89AA}.Release|Any CPU.Build.0 = Release|Any CPU
		{EBC62955-6BDC-4403-AF33-DCCC999D89AA}.Release|Mixed Platforms.ActiveCfg = Release|Any CPU
		{EBC62955-6BDC-4403-AF33-DCCC999D89AA}.Release|Mixed Platforms.Build.0 = Release|Any CPU
		{EBC62955-6BDC-4403-AF33-DCCC999D89AA}.Release|x64.ActiveCfg = Release|x64
		{EBC62955-6BDC-4403-AF33-DCCC999D89AA}.Release|x64.Build.0 = Release|x64
		{E97F23B8-ECB0-4AFA-B00C-015C39395FEF}.Debug|Any CPU.ActiveCfg = Debug|Any CPU
		{E97F23B8-ECB0-4AFA-B00C-015C39395FEF}.Debug|Any CPU.Build.0 = Debug|Any CPU
		{E97F23B8-ECB0-4AFA-B00C-015C39395FEF}.Debug|Mixed Platforms.ActiveCfg = Debug|Any CPU
		{E97F23B8-ECB0-4AFA-B00C-015C39395FEF}.Debug|Mixed Platforms.Build.0 = Debug|Any CPU
		{E97F23B8-ECB0-4AFA-B00C-015C39395FEF}.Debug|x64.ActiveCfg = Debug|x64
		{E97F23B8-ECB0-4AFA-B00C-015C39395FEF}.Debug|x64.Build.0 = Debug|x64
		{E97F23B8-ECB0-4AFA-B00C-015C39395FEF}.Release|Any CPU.ActiveCfg = Release|Any CPU
		{E97F23B8-ECB0-4AFA-B00C-015C39395FEF}.Release|Any CPU.Build.0 = Release|Any CPU
		{E97F23B8-ECB0-4AFA-B00C-015C39395FEF}.Release|Mixed Platforms.ActiveCfg = Release|Any CPU
		{E97F23B8-ECB0-4AFA-B00C-015C39395FEF}.Release|Mixed Platforms.Build.0 = Release|Any CPU
		{E97F23B8-ECB0-4AFA-B00C-015C39395FEF}.Release|x64.ActiveCfg = Release|x64
		{E97F23B8-ECB0-4AFA-B00C-015C39395FEF}.Release|x64.Build.0 = Release|x64
		{4D0B6BAB-5A33-4A7F-B007-93194FC2E2E3}.Debug|Any CPU.ActiveCfg = Debug|Any CPU
		{4D0B6BAB-5A33-4A7F-B007-93194FC2E2E3}.Debug|Any CPU.Build.0 = Debug|Any CPU
		{4D0B6BAB-5A33-4A7F-B007-93194FC2E2E3}.Debug|Mixed Platforms.ActiveCfg = Debug|Any CPU
		{4D0B6BAB-5A33-4A7F-B007-93194FC2E2E3}.Debug|Mixed Platforms.Build.0 = Debug|Any CPU
		{4D0B6BAB-5A33-4A7F-B007-93194FC2E2E3}.Debug|x64.ActiveCfg = Debug|x64
		{4D0B6BAB-5A33-4A7F-B007-93194FC2E2E3}.Debug|x64.Build.0 = Debug|x64
		{4D0B6BAB-5A33-4A7F-B007-93194FC2E2E3}.Release|Any CPU.ActiveCfg = Release|Any CPU
		{4D0B6BAB-5A33-4A7F-B007-93194FC2E2E3}.Release|Any CPU.Build.0 = Release|Any CPU
		{4D0B6BAB-5A33-4A7F-B007-93194FC2E2E3}.Release|Mixed Platforms.ActiveCfg = Release|Any CPU
		{4D0B6BAB-5A33-4A7F-B007-93194FC2E2E3}.Release|Mixed Platforms.Build.0 = Release|Any CPU
		{4D0B6BAB-5A33-4A7F-B007-93194FC2E2E3}.Release|x64.ActiveCfg = Release|x64
		{4D0B6BAB-5A33-4A7F-B007-93194FC2E2E3}.Release|x64.Build.0 = Release|x64
		{EB4E4130-851B-4F04-B23B-B94F12031E53}.Debug|Mixed Platforms.ActiveCfg = Debug|Any CPU
		{EB4E4130-851B-4F04-B23B-B94F12031E53}.Debug|Mixed Platforms.Build.0 = Debug|Any CPU
		{EB4E4130-851B-4F04-B23B-B94F12031E53}.Debug|x64.ActiveCfg = Debug|x64
		{EB4E4130-851B-4F04-B23B-B94F12031E53}.Debug|x64.Build.0 = Debug|x64
		{EB4E4130-851B-4F04-B23B-B94F12031E53}.Release|Mixed Platforms.ActiveCfg = Release|Any CPU
		{EB4E4130-851B-4F04-B23B-B94F12031E53}.Release|Mixed Platforms.Build.0 = Release|Any CPU
		{EB4E4130-851B-4F04-B23B-B94F12031E53}.Release|x64.ActiveCfg = Release|x64
		{EB4E4130-851B-4F04-B23B-B94F12031E53}.Release|x64.Build.0 = Release|x64
		{C34D30AB-DF92-44FD-91CF-F331C97D0473}.Debug|Any CPU.ActiveCfg = Debug|Any CPU
		{C34D30AB-DF92-44FD-91CF-F331C97D0473}.Debug|Any CPU.Build.0 = Debug|Any CPU
		{C34D30AB-DF92-44FD-91CF-F331C97D0473}.Debug|Mixed Platforms.ActiveCfg = Debug|Any CPU
		{C34D30AB-DF92-44FD-91CF-F331C97D0473}.Debug|Mixed Platforms.Build.0 = Debug|Any CPU
		{C34D30AB-DF92-44FD-91CF-F331C97D0473}.Debug|x64.ActiveCfg = Debug|x64
		{C34D30AB-DF92-44FD-91CF-F331C97D0473}.Debug|x64.Build.0 = Debug|x64
		{C34D30AB-DF92-44FD-91CF-F331C97D0473}.Release|Any CPU.ActiveCfg = Release|Any CPU
		{C34D30AB-DF92-44FD-91CF-F331C97D0473}.Release|Any CPU.Build.0 = Release|Any CPU
		{C34D30AB-DF92-44FD-91CF-F331C97D0473}.Release|Mixed Platforms.ActiveCfg = Release|Any CPU
		{C34D30AB-DF92-44FD-91CF-F331C97D0473}.Release|Mixed Platforms.Build.0 = Release|Any CPU
		{C34D30AB-DF92-44FD-91CF-F331C97D0473}.Release|x64.ActiveCfg = Release|x64
		{C34D30AB-DF92-44FD-91CF-F331C97D0473}.Release|x64.Build.0 = Release|x64
		{057126D4-2AA0-4054-B2D2-C8DF3475A204}.Debug|Any CPU.ActiveCfg = Debug|Any CPU
		{057126D4-2AA0-4054-B2D2-C8DF3475A204}.Debug|Any CPU.Build.0 = Debug|Any CPU
		{057126D4-2AA0-4054-B2D2-C8DF3475A204}.Debug|Mixed Platforms.ActiveCfg = Debug|Any CPU
		{057126D4-2AA0-4054-B2D2-C8DF3475A204}.Debug|Mixed Platforms.Build.0 = Debug|Any CPU
		{057126D4-2AA0-4054-B2D2-C8DF3475A204}.Debug|x64.ActiveCfg = Debug|x64
		{057126D4-2AA0-4054-B2D2-C8DF3475A204}.Debug|x64.Build.0 = Debug|x64
		{057126D4-2AA0-4054-B2D2-C8DF3475A204}.Release|Any CPU.ActiveCfg = Release|Any CPU
		{057126D4-2AA0-4054-B2D2-C8DF3475A204}.Release|Any CPU.Build.0 = Release|Any CPU
		{057126D4-2AA0-4054-B2D2-C8DF3475A204}.Release|Mixed Platforms.ActiveCfg = Release|Any CPU
		{057126D4-2AA0-4054-B2D2-C8DF3475A204}.Release|Mixed Platforms.Build.0 = Release|Any CPU
		{057126D4-2AA0-4054-B2D2-C8DF3475A204}.Release|x64.ActiveCfg = Release|x64
		{057126D4-2AA0-4054-B2D2-C8DF3475A204}.Release|x64.Build.0 = Release|x64
		{BE1E746F-725F-43FE-AA6A-076F19E76602}.Debug|Any CPU.ActiveCfg = Debug|Any CPU
		{BE1E746F-725F-43FE-AA6A-076F19E76602}.Debug|Any CPU.Build.0 = Debug|Any CPU
		{BE1E746F-725F-43FE-AA6A-076F19E76602}.Debug|Mixed Platforms.ActiveCfg = Debug|Any CPU
		{BE1E746F-725F-43FE-AA6A-076F19E76602}.Debug|Mixed Platforms.Build.0 = Debug|Any CPU
		{BE1E746F-725F-43FE-AA6A-076F19E76602}.Debug|x64.ActiveCfg = Debug|x64
		{BE1E746F-725F-43FE-AA6A-076F19E76602}.Debug|x64.Build.0 = Debug|x64
		{BE1E746F-725F-43FE-AA6A-076F19E76602}.Release|Any CPU.ActiveCfg = Release|Any CPU
		{BE1E746F-725F-43FE-AA6A-076F19E76602}.Release|Any CPU.Build.0 = Release|Any CPU
		{BE1E746F-725F-43FE-AA6A-076F19E76602}.Release|Mixed Platforms.ActiveCfg = Release|Any CPU
		{BE1E746F-725F-43FE-AA6A-076F19E76602}.Release|Mixed Platforms.Build.0 = Release|Any CPU
		{BE1E746F-725F-43FE-AA6A-076F19E76602}.Release|x64.ActiveCfg = Release|x64
		{BE1E746F-725F-43FE-AA6A-076F19E76602}.Release|x64.Build.0 = Release|x64
		{C2318A2C-BBD3-4BDE-B742-EC3EF8C3E5FD}.Debug|Any CPU.ActiveCfg = Debug|Any CPU
		{C2318A2C-BBD3-4BDE-B742-EC3EF8C3E5FD}.Debug|Any CPU.Build.0 = Debug|Any CPU
		{C2318A2C-BBD3-4BDE-B742-EC3EF8C3E5FD}.Debug|Mixed Platforms.ActiveCfg = Debug|Any CPU
		{C2318A2C-BBD3-4BDE-B742-EC3EF8C3E5FD}.Debug|Mixed Platforms.Build.0 = Debug|Any CPU
		{C2318A2C-BBD3-4BDE-B742-EC3EF8C3E5FD}.Debug|x64.ActiveCfg = Debug|x64
		{C2318A2C-BBD3-4BDE-B742-EC3EF8C3E5FD}.Debug|x64.Build.0 = Debug|x64
		{C2318A2C-BBD3-4BDE-B742-EC3EF8C3E5FD}.Release|Any CPU.ActiveCfg = Release|Any CPU
		{C2318A2C-BBD3-4BDE-B742-EC3EF8C3E5FD}.Release|Any CPU.Build.0 = Release|Any CPU
		{C2318A2C-BBD3-4BDE-B742-EC3EF8C3E5FD}.Release|Mixed Platforms.ActiveCfg = Release|Any CPU
		{C2318A2C-BBD3-4BDE-B742-EC3EF8C3E5FD}.Release|Mixed Platforms.Build.0 = Release|Any CPU
		{C2318A2C-BBD3-4BDE-B742-EC3EF8C3E5FD}.Release|x64.ActiveCfg = Release|x64
		{C2318A2C-BBD3-4BDE-B742-EC3EF8C3E5FD}.Release|x64.Build.0 = Release|x64
		{5234D86F-2C0E-4181-AAB7-BBDA3253B4E1}.Debug|Any CPU.ActiveCfg = Debug|Any CPU
		{5234D86F-2C0E-4181-AAB7-BBDA3253B4E1}.Debug|Any CPU.Build.0 = Debug|Any CPU
		{5234D86F-2C0E-4181-AAB7-BBDA3253B4E1}.Debug|Mixed Platforms.ActiveCfg = Debug|Any CPU
		{5234D86F-2C0E-4181-AAB7-BBDA3253B4E1}.Debug|Mixed Platforms.Build.0 = Debug|Any CPU
		{5234D86F-2C0E-4181-AAB7-BBDA3253B4E1}.Debug|x64.ActiveCfg = Debug|x64
		{5234D86F-2C0E-4181-AAB7-BBDA3253B4E1}.Debug|x64.Build.0 = Debug|x64
		{5234D86F-2C0E-4181-AAB7-BBDA3253B4E1}.Release|Any CPU.ActiveCfg = Release|Any CPU
		{5234D86F-2C0E-4181-AAB7-BBDA3253B4E1}.Release|Any CPU.Build.0 = Release|Any CPU
		{5234D86F-2C0E-4181-AAB7-BBDA3253B4E1}.Release|Mixed Platforms.ActiveCfg = Release|Any CPU
		{5234D86F-2C0E-4181-AAB7-BBDA3253B4E1}.Release|Mixed Platforms.Build.0 = Release|Any CPU
		{5234D86F-2C0E-4181-AAB7-BBDA3253B4E1}.Release|x64.ActiveCfg = Release|x64
		{5234D86F-2C0E-4181-AAB7-BBDA3253B4E1}.Release|x64.Build.0 = Release|x64
		{291CE865-A96F-4E13-8840-3903F117C689}.Debug|Any CPU.ActiveCfg = Debug|Any CPU
		{291CE865-A96F-4E13-8840-3903F117C689}.Debug|Any CPU.Build.0 = Debug|Any CPU
		{291CE865-A96F-4E13-8840-3903F117C689}.Debug|Mixed Platforms.ActiveCfg = Debug|Any CPU
		{291CE865-A96F-4E13-8840-3903F117C689}.Debug|Mixed Platforms.Build.0 = Debug|Any CPU
		{291CE865-A96F-4E13-8840-3903F117C689}.Debug|x64.ActiveCfg = Debug|x64
		{291CE865-A96F-4E13-8840-3903F117C689}.Debug|x64.Build.0 = Debug|x64
		{291CE865-A96F-4E13-8840-3903F117C689}.Release|Any CPU.ActiveCfg = Release|Any CPU
		{291CE865-A96F-4E13-8840-3903F117C689}.Release|Any CPU.Build.0 = Release|Any CPU
		{291CE865-A96F-4E13-8840-3903F117C689}.Release|Mixed Platforms.ActiveCfg = Release|Any CPU
		{291CE865-A96F-4E13-8840-3903F117C689}.Release|Mixed Platforms.Build.0 = Release|Any CPU
		{291CE865-A96F-4E13-8840-3903F117C689}.Release|x64.ActiveCfg = Release|x64
		{291CE865-A96F-4E13-8840-3903F117C689}.Release|x64.Build.0 = Release|x64
		{6F18CEEE-4FD0-4F26-A2A1-A78F990F96D1}.Debug|Any CPU.ActiveCfg = Debug|Any CPU
		{6F18CEEE-4FD0-4F26-A2A1-A78F990F96D1}.Debug|Any CPU.Build.0 = Debug|Any CPU
		{6F18CEEE-4FD0-4F26-A2A1-A78F990F96D1}.Debug|Mixed Platforms.ActiveCfg = Debug|Any CPU
		{6F18CEEE-4FD0-4F26-A2A1-A78F990F96D1}.Debug|Mixed Platforms.Build.0 = Debug|Any CPU
		{6F18CEEE-4FD0-4F26-A2A1-A78F990F96D1}.Debug|x64.ActiveCfg = Debug|x64
		{6F18CEEE-4FD0-4F26-A2A1-A78F990F96D1}.Debug|x64.Build.0 = Debug|x64
		{6F18CEEE-4FD0-4F26-A2A1-A78F990F96D1}.Release|Any CPU.ActiveCfg = Release|Any CPU
		{6F18CEEE-4FD0-4F26-A2A1-A78F990F96D1}.Release|Any CPU.Build.0 = Release|Any CPU
		{6F18CEEE-4FD0-4F26-A2A1-A78F990F96D1}.Release|Mixed Platforms.ActiveCfg = Release|Any CPU
		{6F18CEEE-4FD0-4F26-A2A1-A78F990F96D1}.Release|Mixed Platforms.Build.0 = Release|Any CPU
		{6F18CEEE-4FD0-4F26-A2A1-A78F990F96D1}.Release|x64.ActiveCfg = Release|x64
		{6F18CEEE-4FD0-4F26-A2A1-A78F990F96D1}.Release|x64.Build.0 = Release|x64
		{2DE8E090-D2C2-4FE1-8F16-6EFB5447EC8D}.Debug|Any CPU.ActiveCfg = Debug|Any CPU
		{2DE8E090-D2C2-4FE1-8F16-6EFB5447EC8D}.Debug|Any CPU.Build.0 = Debug|Any CPU
		{2DE8E090-D2C2-4FE1-8F16-6EFB5447EC8D}.Debug|Mixed Platforms.ActiveCfg = Debug|Any CPU
		{2DE8E090-D2C2-4FE1-8F16-6EFB5447EC8D}.Debug|Mixed Platforms.Build.0 = Debug|Any CPU
		{2DE8E090-D2C2-4FE1-8F16-6EFB5447EC8D}.Debug|x64.ActiveCfg = Debug|x64
		{2DE8E090-D2C2-4FE1-8F16-6EFB5447EC8D}.Debug|x64.Build.0 = Debug|x64
		{2DE8E090-D2C2-4FE1-8F16-6EFB5447EC8D}.Release|Any CPU.ActiveCfg = Release|Any CPU
		{2DE8E090-D2C2-4FE1-8F16-6EFB5447EC8D}.Release|Any CPU.Build.0 = Release|Any CPU
		{2DE8E090-D2C2-4FE1-8F16-6EFB5447EC8D}.Release|Mixed Platforms.ActiveCfg = Release|Any CPU
		{2DE8E090-D2C2-4FE1-8F16-6EFB5447EC8D}.Release|Mixed Platforms.Build.0 = Release|Any CPU
		{2DE8E090-D2C2-4FE1-8F16-6EFB5447EC8D}.Release|x64.ActiveCfg = Release|x64
		{2DE8E090-D2C2-4FE1-8F16-6EFB5447EC8D}.Release|x64.Build.0 = Release|x64
	EndGlobalSection
	GlobalSection(SolutionProperties) = preSolution
		HideSolutionNode = FALSE
	EndGlobalSection
	GlobalSection(NestedProjects) = preSolution
		{291CE865-A96F-4E13-8840-3903F117C689} = {E935D13C-AF64-4896-A1B2-FA5D048C40F4}
		{6F18CEEE-4FD0-4F26-A2A1-A78F990F96D1} = {E935D13C-AF64-4896-A1B2-FA5D048C40F4}
		{2DE8E090-D2C2-4FE1-8F16-6EFB5447EC8D} = {E935D13C-AF64-4896-A1B2-FA5D048C40F4}
	EndGlobalSection
EndGlobal
