
Microsoft Visual Studio Solution File, Format Version 12.00
# Visual Studio 15
VisualStudioVersion = 15.0.26410.1
MinimumVisualStudioVersion = 10.0.40219.1
Project("{2150E333-8FDC-42A3-9474-1A3956D46DE8}") = "src", "src", "{8415FED7-1BED-4227-8B4F-BB7C24E041CD}"
EndProject
Project("{FAE04EC0-301F-11D3-BF4B-00C04F79EFBC}") = "NuGet.Services.KeyVault", "src\NuGet.Services.KeyVault\NuGet.Services.KeyVault.csproj", "{C87D0EF1-54AA-4B0B-89DE-CFF2DC941D11}"
EndProject
Project("{2150E333-8FDC-42A3-9474-1A3956D46DE8}") = "tests", "tests", "{7783A106-0F4C-4055-9AB4-413FB2C7B8F0}"
EndProject
Project("{FAE04EC0-301F-11D3-BF4B-00C04F79EFBC}") = "NuGet.Services.KeyVault.Tests", "tests\NuGet.Services.KeyVault.Tests\NuGet.Services.KeyVault.Tests.csproj", "{BA1FB5F1-8F6B-4558-862B-F47C3995B06A}"
EndProject
Project("{2150E333-8FDC-42A3-9474-1A3956D46DE8}") = "Solution Items", "Solution Items", "{39C4007F-90EB-49A9-A41E-21861F81869C}"
	ProjectSection(SolutionItems) = preProject
		global.json = global.json
	EndProjectSection
EndProject
Project("{FAE04EC0-301F-11D3-BF4B-00C04F79EFBC}") = "NuGet.Services.Configuration", "src\NuGet.Services.Configuration\NuGet.Services.Configuration.csproj", "{6597FCAE-81FE-44F1-A9C8-69BEA01DB094}"
EndProject
Project("{FAE04EC0-301F-11D3-BF4B-00C04F79EFBC}") = "NuGet.Services.Logging", "src\NuGet.Services.Logging\NuGet.Services.Logging.csproj", "{088F2BF5-1220-4125-BC64-601C2F032C13}"
EndProject
Project("{FAE04EC0-301F-11D3-BF4B-00C04F79EFBC}") = "NuGet.Services.Configuration.Tests", "tests\NuGet.Services.Configuration.Tests\NuGet.Services.Configuration.Tests.csproj", "{8C24FB60-456A-4570-8400-08970F421415}"
EndProject
Project("{FAE04EC0-301F-11D3-BF4B-00C04F79EFBC}") = "NuGet.Services.Build", "src\NuGet.Services.Build\NuGet.Services.Build.csproj", "{7EBF325F-8671-46EF-B065-D9EB4C60B850}"
EndProject
Global
	GlobalSection(SolutionConfigurationPlatforms) = preSolution
		Debug|Any CPU = Debug|Any CPU
		Release|Any CPU = Release|Any CPU
	EndGlobalSection
	GlobalSection(ProjectConfigurationPlatforms) = postSolution
		{C87D0EF1-54AA-4B0B-89DE-CFF2DC941D11}.Debug|Any CPU.ActiveCfg = Debug|Any CPU
		{C87D0EF1-54AA-4B0B-89DE-CFF2DC941D11}.Debug|Any CPU.Build.0 = Debug|Any CPU
		{C87D0EF1-54AA-4B0B-89DE-CFF2DC941D11}.Release|Any CPU.ActiveCfg = Release|Any CPU
		{C87D0EF1-54AA-4B0B-89DE-CFF2DC941D11}.Release|Any CPU.Build.0 = Release|Any CPU
		{BA1FB5F1-8F6B-4558-862B-F47C3995B06A}.Debug|Any CPU.ActiveCfg = Debug|Any CPU
		{BA1FB5F1-8F6B-4558-862B-F47C3995B06A}.Debug|Any CPU.Build.0 = Debug|Any CPU
		{BA1FB5F1-8F6B-4558-862B-F47C3995B06A}.Release|Any CPU.ActiveCfg = Release|Any CPU
		{BA1FB5F1-8F6B-4558-862B-F47C3995B06A}.Release|Any CPU.Build.0 = Release|Any CPU
		{6597FCAE-81FE-44F1-A9C8-69BEA01DB094}.Debug|Any CPU.ActiveCfg = Debug|Any CPU
		{6597FCAE-81FE-44F1-A9C8-69BEA01DB094}.Debug|Any CPU.Build.0 = Debug|Any CPU
		{6597FCAE-81FE-44F1-A9C8-69BEA01DB094}.Release|Any CPU.ActiveCfg = Release|Any CPU
		{6597FCAE-81FE-44F1-A9C8-69BEA01DB094}.Release|Any CPU.Build.0 = Release|Any CPU
		{088F2BF5-1220-4125-BC64-601C2F032C13}.Debug|Any CPU.ActiveCfg = Debug|Any CPU
		{088F2BF5-1220-4125-BC64-601C2F032C13}.Debug|Any CPU.Build.0 = Debug|Any CPU
		{088F2BF5-1220-4125-BC64-601C2F032C13}.Release|Any CPU.ActiveCfg = Release|Any CPU
		{088F2BF5-1220-4125-BC64-601C2F032C13}.Release|Any CPU.Build.0 = Release|Any CPU
		{8C24FB60-456A-4570-8400-08970F421415}.Debug|Any CPU.ActiveCfg = Debug|Any CPU
		{8C24FB60-456A-4570-8400-08970F421415}.Debug|Any CPU.Build.0 = Debug|Any CPU
		{8C24FB60-456A-4570-8400-08970F421415}.Release|Any CPU.ActiveCfg = Release|Any CPU
		{8C24FB60-456A-4570-8400-08970F421415}.Release|Any CPU.Build.0 = Release|Any CPU
		{7EBF325F-8671-46EF-B065-D9EB4C60B850}.Debug|Any CPU.ActiveCfg = Debug|Any CPU
		{7EBF325F-8671-46EF-B065-D9EB4C60B850}.Debug|Any CPU.Build.0 = Debug|Any CPU
		{7EBF325F-8671-46EF-B065-D9EB4C60B850}.Release|Any CPU.ActiveCfg = Release|Any CPU
		{7EBF325F-8671-46EF-B065-D9EB4C60B850}.Release|Any CPU.Build.0 = Release|Any CPU
	EndGlobalSection
	GlobalSection(SolutionProperties) = preSolution
		HideSolutionNode = FALSE
	EndGlobalSection
	GlobalSection(NestedProjects) = preSolution
		{C87D0EF1-54AA-4B0B-89DE-CFF2DC941D11} = {8415FED7-1BED-4227-8B4F-BB7C24E041CD}
		{BA1FB5F1-8F6B-4558-862B-F47C3995B06A} = {7783A106-0F4C-4055-9AB4-413FB2C7B8F0}
		{6597FCAE-81FE-44F1-A9C8-69BEA01DB094} = {8415FED7-1BED-4227-8B4F-BB7C24E041CD}
		{088F2BF5-1220-4125-BC64-601C2F032C13} = {8415FED7-1BED-4227-8B4F-BB7C24E041CD}
		{8C24FB60-456A-4570-8400-08970F421415} = {7783A106-0F4C-4055-9AB4-413FB2C7B8F0}
		{7EBF325F-8671-46EF-B065-D9EB4C60B850} = {8415FED7-1BED-4227-8B4F-BB7C24E041CD}
	EndGlobalSection
EndGlobal
