
Microsoft Visual Studio Solution File, Format Version 12.00
# Visual Studio 2013
VisualStudioVersion = 12.0.20617.1 PREVIEW
MinimumVisualStudioVersion = 10.0.40219.1
Project("{2150E333-8FDC-42A3-9474-1A3956D46DE8}") = ".nuget", ".nuget", "{96E4AFF8-D3A1-4102-ADCF-05F186F916A9}"
	ProjectSection(SolutionItems) = preProject
		.nuget\packages.config = .nuget\packages.config
	EndProjectSection
EndProject
Project("{2150E333-8FDC-42A3-9474-1A3956D46DE8}") = "Frontend", "Frontend", "{05998089-58F5-4A84-8C11-C5C6244A6F89}"
EndProject
Project("{2150E333-8FDC-42A3-9474-1A3956D46DE8}") = "Backend", "Backend", "{B9B19787-DCC0-489E-9173-36A32C6B6848}"
EndProject
Project("{2150E333-8FDC-42A3-9474-1A3956D46DE8}") = "Operations", "Operations", "{2ECA1159-9B9D-4D65-95AF-F14337FD3DA6}"
EndProject
Project("{FAE04EC0-301F-11D3-BF4B-00C04F79EFBC}") = "NuGetGallery.Frontend", "src\NuGetGallery.Frontend\NuGetGallery.Frontend.csproj", "{1DACF781-5CD0-4123-8BAC-CD385D864BE5}"
EndProject
Project("{FAE04EC0-301F-11D3-BF4B-00C04F79EFBC}") = "NuGetGallery.Frontend.Facts", "tests\NuGetGallery.Frontend.Facts\NuGetGallery.Frontend.Facts.csproj", "{FDC76BEF-3360-45AC-A13E-AE8F14D343D5}"
EndProject
Project("{FAE04EC0-301F-11D3-BF4B-00C04F79EFBC}") = "NuGetGallery.Frontend.FunctionalTests.Helpers", "tests\NuGetGallery.Frontend.FunctionalTests.Helpers\NuGetGallery.Frontend.FunctionalTests.Helpers.csproj", "{8FB56455-C688-44AE-95F1-48FFCB199BFE}"
EndProject
Project("{FAE04EC0-301F-11D3-BF4B-00C04F79EFBC}") = "NuGetGallery.Frontend.FunctionalTests", "tests\NuGetGallery.Frontend.FunctionalTests\NuGetGallery.Frontend.FunctionalTests.csproj", "{0A6B1A52-4D26-4946-9DDD-416D01A1ADBF}"
EndProject
Project("{FAE04EC0-301F-11D3-BF4B-00C04F79EFBC}") = "NuGetGallery.Frontend.SearchQualityTests", "tests\NuGetGallery.Frontend.SearchQualityTests\NuGetGallery.Frontend.SearchQualityTests.csproj", "{C4D23BC3-6653-4B87-B8C1-E7028DC67916}"
EndProject
Global
	GlobalSection(SolutionConfigurationPlatforms) = preSolution
		Debug|Any CPU = Debug|Any CPU
		Release|Any CPU = Release|Any CPU
	EndGlobalSection
	GlobalSection(ProjectConfigurationPlatforms) = postSolution
		{1DACF781-5CD0-4123-8BAC-CD385D864BE5}.Debug|Any CPU.ActiveCfg = Debug|Any CPU
		{1DACF781-5CD0-4123-8BAC-CD385D864BE5}.Debug|Any CPU.Build.0 = Debug|Any CPU
		{1DACF781-5CD0-4123-8BAC-CD385D864BE5}.Release|Any CPU.ActiveCfg = Release|Any CPU
		{1DACF781-5CD0-4123-8BAC-CD385D864BE5}.Release|Any CPU.Build.0 = Release|Any CPU
		{FDC76BEF-3360-45AC-A13E-AE8F14D343D5}.Debug|Any CPU.ActiveCfg = Debug|Any CPU
		{FDC76BEF-3360-45AC-A13E-AE8F14D343D5}.Debug|Any CPU.Build.0 = Debug|Any CPU
		{FDC76BEF-3360-45AC-A13E-AE8F14D343D5}.Release|Any CPU.ActiveCfg = Release|Any CPU
		{FDC76BEF-3360-45AC-A13E-AE8F14D343D5}.Release|Any CPU.Build.0 = Release|Any CPU
		{8FB56455-C688-44AE-95F1-48FFCB199BFE}.Debug|Any CPU.ActiveCfg = Debug|Any CPU
		{8FB56455-C688-44AE-95F1-48FFCB199BFE}.Debug|Any CPU.Build.0 = Debug|Any CPU
		{8FB56455-C688-44AE-95F1-48FFCB199BFE}.Release|Any CPU.ActiveCfg = Release|Any CPU
		{8FB56455-C688-44AE-95F1-48FFCB199BFE}.Release|Any CPU.Build.0 = Release|Any CPU
		{0A6B1A52-4D26-4946-9DDD-416D01A1ADBF}.Debug|Any CPU.ActiveCfg = Debug|Any CPU
		{0A6B1A52-4D26-4946-9DDD-416D01A1ADBF}.Debug|Any CPU.Build.0 = Debug|Any CPU
		{0A6B1A52-4D26-4946-9DDD-416D01A1ADBF}.Release|Any CPU.ActiveCfg = Release|Any CPU
		{0A6B1A52-4D26-4946-9DDD-416D01A1ADBF}.Release|Any CPU.Build.0 = Release|Any CPU
		{C4D23BC3-6653-4B87-B8C1-E7028DC67916}.Debug|Any CPU.ActiveCfg = Debug|Any CPU
		{C4D23BC3-6653-4B87-B8C1-E7028DC67916}.Debug|Any CPU.Build.0 = Debug|Any CPU
		{C4D23BC3-6653-4B87-B8C1-E7028DC67916}.Release|Any CPU.ActiveCfg = Release|Any CPU
		{C4D23BC3-6653-4B87-B8C1-E7028DC67916}.Release|Any CPU.Build.0 = Release|Any CPU
	EndGlobalSection
	GlobalSection(SolutionProperties) = preSolution
		HideSolutionNode = FALSE
	EndGlobalSection
	GlobalSection(NestedProjects) = preSolution
		{1DACF781-5CD0-4123-8BAC-CD385D864BE5} = {05998089-58F5-4A84-8C11-C5C6244A6F89}
		{FDC76BEF-3360-45AC-A13E-AE8F14D343D5} = {05998089-58F5-4A84-8C11-C5C6244A6F89}
		{8FB56455-C688-44AE-95F1-48FFCB199BFE} = {05998089-58F5-4A84-8C11-C5C6244A6F89}
		{0A6B1A52-4D26-4946-9DDD-416D01A1ADBF} = {05998089-58F5-4A84-8C11-C5C6244A6F89}
		{C4D23BC3-6653-4B87-B8C1-E7028DC67916} = {05998089-58F5-4A84-8C11-C5C6244A6F89}
	EndGlobalSection
EndGlobal
