
Microsoft Visual Studio Solution File, Format Version 12.00
# Visual Studio Version 16
VisualStudioVersion = 16.0.28804.136
MinimumVisualStudioVersion = 10.0.40219.1
Project("{2150E333-8FDC-42A3-9474-1A3956D46DE8}") = "Tools", "Tools", "{C86C6DEE-84E1-4E4E-8868-6755D7A8E0E4}"
EndProject
Project("{2150E333-8FDC-42A3-9474-1A3956D46DE8}") = ".nuget", ".nuget", "{4AA08EEB-BA47-4ECD-94F3-0700DD50E693}"
	ProjectSection(SolutionItems) = preProject
		.nuget\packages.config = .nuget\packages.config
	EndProjectSection
EndProject
Project("{2150E333-8FDC-42A3-9474-1A3956D46DE8}") = "Tests", "Tests", "{F1C83FD9-A498-483E-ADFA-B55D82A14965}"
EndProject
Project("{FAE04EC0-301F-11D3-BF4B-00C04F79EFBC}") = "NuGet.Services.Metadata.Catalog", "src\Catalog\NuGet.Services.Metadata.Catalog.csproj", "{E97F23B8-ECB0-4AFA-B00C-015C39395FEF}"
EndProject
Project("{FAE04EC0-301F-11D3-BF4B-00C04F79EFBC}") = "CatalogTests", "tests\CatalogTests\CatalogTests.csproj", "{4D0B6BAB-5A33-4A7F-B007-93194FC2E2E3}"
EndProject
Project("{FAE04EC0-301F-11D3-BF4B-00C04F79EFBC}") = "Ng", "src\Ng\Ng.csproj", "{5234D86F-2C0E-4181-AAB7-BBDA3253B4E1}"
EndProject
Project("{FAE04EC0-301F-11D3-BF4B-00C04F79EFBC}") = "NuGet.Indexing", "src\NuGet.Indexing\NuGet.Indexing.csproj", "{DDB34145-870F-42C3-9663-A9390CEE1E35}"
EndProject
Project("{FAE04EC0-301F-11D3-BF4B-00C04F79EFBC}") = "NuGet.Services.BasicSearch", "src\NuGet.Services.BasicSearch\NuGet.Services.BasicSearch.csproj", "{1460DE86-6DF4-49A3-822C-E52F8DA834F5}"
EndProject
Project("{FAE04EC0-301F-11D3-BF4B-00C04F79EFBC}") = "NuGet.Services.BasicSearchTests", "tests\NuGet.Services.BasicSearchTests\NuGet.Services.BasicSearchTests.csproj", "{AF189F05-EFC3-4A98-91C7-2AF1E4B8B131}"
EndProject
Project("{FAE04EC0-301F-11D3-BF4B-00C04F79EFBC}") = "NuGet.IndexingTests", "tests\NuGet.IndexingTests\NuGet.IndexingTests.csproj", "{43665489-01F0-4F35-8A33-258F2231B2D8}"
EndProject
Project("{FAE04EC0-301F-11D3-BF4B-00C04F79EFBC}") = "NgTests", "tests\NgTests\NgTests.csproj", "{05C1C78A-9966-4922-9065-A099023E7366}"
EndProject
Project("{2150E333-8FDC-42A3-9474-1A3956D46DE8}") = "Services", "Services", "{97E23323-BA7A-48F0-A578-858B82B6D8FB}"
EndProject
Project("{2150E333-8FDC-42A3-9474-1A3956D46DE8}") = "Packages", "Packages", "{5DE01C58-D5F7-482F-8256-A8333064384C}"
EndProject
Project("{FAE04EC0-301F-11D3-BF4B-00C04F79EFBC}") = "NuGet.ApplicationInsights.Owin", "src\NuGet.ApplicationInsights.Owin\NuGet.ApplicationInsights.Owin.csproj", "{717E9A81-75C5-418E-92ED-18CAC55BC345}"
EndProject
Project("{FAE04EC0-301F-11D3-BF4B-00C04F79EFBC}") = "NuGet.Services.Metadata.Catalog.Monitoring", "src\NuGet.Services.Metadata.Catalog.Monitoring\NuGet.Services.Metadata.Catalog.Monitoring.csproj", "{1745A383-D0BE-484B-81EB-27B20F6AC6C5}"
EndProject
Project("{FAE04EC0-301F-11D3-BF4B-00C04F79EFBC}") = "CatalogMetadataTests", "tests\CatalogMetadataTests\CatalogMetadataTests.csproj", "{34AABA7F-1FF7-4F4B-B1DB-D07AD4505DA4}"
EndProject
Project("{FAE04EC0-301F-11D3-BF4B-00C04F79EFBC}") = "V3PerPackage", "src\V3PerPackage\V3PerPackage.csproj", "{E76E73FA-4462-4F07-94C0-8B9CC413F696}"
EndProject
Project("{FAE04EC0-301F-11D3-BF4B-00C04F79EFBC}") = "NuGet.Services.AzureSearch", "src\NuGet.Services.AzureSearch\NuGet.Services.AzureSearch.csproj", "{1A53FE3D-8041-4773-942F-D73AEF5B82B2}"
EndProject
Project("{FAE04EC0-301F-11D3-BF4B-00C04F79EFBC}") = "NuGet.Services.AzureSearch.Tests", "tests\NuGet.Services.AzureSearch.Tests\NuGet.Services.AzureSearch.Tests.csproj", "{6A9C3802-A2A2-49CF-87BD-C1303533B846}"
EndProject
Project("{FAE04EC0-301F-11D3-BF4B-00C04F79EFBC}") = "NuGet.Jobs.Db2AzureSearch", "src\NuGet.Jobs.Db2AzureSearch\NuGet.Jobs.Db2AzureSearch.csproj", "{209B1B7F-1C5C-41EC-B6A6-E01FD9C86E26}"
EndProject
Project("{FAE04EC0-301F-11D3-BF4B-00C04F79EFBC}") = "NuGet.Jobs.Catalog2AzureSearch", "src\NuGet.Jobs.Catalog2AzureSearch\NuGet.Jobs.Catalog2AzureSearch.csproj", "{F591130F-181A-4C53-8025-4390F46BD51D}"
EndProject
Project("{FAE04EC0-301F-11D3-BF4B-00C04F79EFBC}") = "NuGet.Protocol.Catalog", "src\NuGet.Protocol.Catalog\NuGet.Protocol.Catalog.csproj", "{D44C2E89-2D98-44BD-8712-8CCBE4E67C9C}"
EndProject
Project("{FAE04EC0-301F-11D3-BF4B-00C04F79EFBC}") = "NuGet.Protocol.Catalog.Tests", "tests\NuGet.Protocol.Catalog.Tests\NuGet.Protocol.Catalog.Tests.csproj", "{1F3BC053-796C-4A35-88F4-955A0F142197}"
EndProject
Project("{FAE04EC0-301F-11D3-BF4B-00C04F79EFBC}") = "NuGet.Services.SearchService", "src\NuGet.Services.SearchService\NuGet.Services.SearchService.csproj", "{DD089AB9-6AB3-4ACA-8D63-C95A7935B2A7}"
EndProject
Project("{FAE04EC0-301F-11D3-BF4B-00C04F79EFBC}") = "NuGet.Services.SearchService.Tests", "tests\NuGet.Services.SearchService.Tests\NuGet.Services.SearchService.Tests.csproj", "{F009209D-A663-45E1-87E8-158569A0F097}"
EndProject
Project("{FAE04EC0-301F-11D3-BF4B-00C04F79EFBC}") = "NuGet.Jobs.Owners2AzureSearch", "src\NuGet.Jobs.Owners2AzureSearch\NuGet.Jobs.Owners2AzureSearch.csproj", "{F81A7CA6-97D4-4958-A9C1-FF94FCA283CB}"
EndProject
Global
	GlobalSection(SolutionConfigurationPlatforms) = preSolution
		Debug|Any CPU = Debug|Any CPU
		Debug|Mixed Platforms = Debug|Mixed Platforms
		Debug|x64 = Debug|x64
		Release|Any CPU = Release|Any CPU
		Release|Mixed Platforms = Release|Mixed Platforms
		Release|x64 = Release|x64
	EndGlobalSection
	GlobalSection(ProjectConfigurationPlatforms) = postSolution
		{E97F23B8-ECB0-4AFA-B00C-015C39395FEF}.Debug|Any CPU.ActiveCfg = Debug|Any CPU
		{E97F23B8-ECB0-4AFA-B00C-015C39395FEF}.Debug|Any CPU.Build.0 = Debug|Any CPU
		{E97F23B8-ECB0-4AFA-B00C-015C39395FEF}.Debug|Mixed Platforms.ActiveCfg = Debug|Any CPU
		{E97F23B8-ECB0-4AFA-B00C-015C39395FEF}.Debug|Mixed Platforms.Build.0 = Debug|Any CPU
		{E97F23B8-ECB0-4AFA-B00C-015C39395FEF}.Debug|x64.ActiveCfg = Debug|x64
		{E97F23B8-ECB0-4AFA-B00C-015C39395FEF}.Debug|x64.Build.0 = Debug|x64
		{E97F23B8-ECB0-4AFA-B00C-015C39395FEF}.Release|Any CPU.ActiveCfg = Release|Any CPU
		{E97F23B8-ECB0-4AFA-B00C-015C39395FEF}.Release|Any CPU.Build.0 = Release|Any CPU
		{E97F23B8-ECB0-4AFA-B00C-015C39395FEF}.Release|Mixed Platforms.ActiveCfg = Release|Any CPU
		{E97F23B8-ECB0-4AFA-B00C-015C39395FEF}.Release|Mixed Platforms.Build.0 = Release|Any CPU
		{E97F23B8-ECB0-4AFA-B00C-015C39395FEF}.Release|x64.ActiveCfg = Release|x64
		{E97F23B8-ECB0-4AFA-B00C-015C39395FEF}.Release|x64.Build.0 = Release|x64
		{4D0B6BAB-5A33-4A7F-B007-93194FC2E2E3}.Debug|Any CPU.ActiveCfg = Debug|Any CPU
		{4D0B6BAB-5A33-4A7F-B007-93194FC2E2E3}.Debug|Any CPU.Build.0 = Debug|Any CPU
		{4D0B6BAB-5A33-4A7F-B007-93194FC2E2E3}.Debug|Mixed Platforms.ActiveCfg = Debug|Any CPU
		{4D0B6BAB-5A33-4A7F-B007-93194FC2E2E3}.Debug|Mixed Platforms.Build.0 = Debug|Any CPU
		{4D0B6BAB-5A33-4A7F-B007-93194FC2E2E3}.Debug|x64.ActiveCfg = Debug|x64
		{4D0B6BAB-5A33-4A7F-B007-93194FC2E2E3}.Debug|x64.Build.0 = Debug|x64
		{4D0B6BAB-5A33-4A7F-B007-93194FC2E2E3}.Release|Any CPU.ActiveCfg = Release|Any CPU
		{4D0B6BAB-5A33-4A7F-B007-93194FC2E2E3}.Release|Any CPU.Build.0 = Release|Any CPU
		{4D0B6BAB-5A33-4A7F-B007-93194FC2E2E3}.Release|Mixed Platforms.ActiveCfg = Release|Any CPU
		{4D0B6BAB-5A33-4A7F-B007-93194FC2E2E3}.Release|Mixed Platforms.Build.0 = Release|Any CPU
		{4D0B6BAB-5A33-4A7F-B007-93194FC2E2E3}.Release|x64.ActiveCfg = Release|x64
		{4D0B6BAB-5A33-4A7F-B007-93194FC2E2E3}.Release|x64.Build.0 = Release|x64
		{5234D86F-2C0E-4181-AAB7-BBDA3253B4E1}.Debug|Any CPU.ActiveCfg = Debug|Any CPU
		{5234D86F-2C0E-4181-AAB7-BBDA3253B4E1}.Debug|Any CPU.Build.0 = Debug|Any CPU
		{5234D86F-2C0E-4181-AAB7-BBDA3253B4E1}.Debug|Mixed Platforms.ActiveCfg = Debug|Any CPU
		{5234D86F-2C0E-4181-AAB7-BBDA3253B4E1}.Debug|Mixed Platforms.Build.0 = Debug|Any CPU
		{5234D86F-2C0E-4181-AAB7-BBDA3253B4E1}.Debug|x64.ActiveCfg = Debug|x64
		{5234D86F-2C0E-4181-AAB7-BBDA3253B4E1}.Debug|x64.Build.0 = Debug|x64
		{5234D86F-2C0E-4181-AAB7-BBDA3253B4E1}.Release|Any CPU.ActiveCfg = Release|Any CPU
		{5234D86F-2C0E-4181-AAB7-BBDA3253B4E1}.Release|Any CPU.Build.0 = Release|Any CPU
		{5234D86F-2C0E-4181-AAB7-BBDA3253B4E1}.Release|Mixed Platforms.ActiveCfg = Release|Any CPU
		{5234D86F-2C0E-4181-AAB7-BBDA3253B4E1}.Release|Mixed Platforms.Build.0 = Release|Any CPU
		{5234D86F-2C0E-4181-AAB7-BBDA3253B4E1}.Release|x64.ActiveCfg = Release|x64
		{5234D86F-2C0E-4181-AAB7-BBDA3253B4E1}.Release|x64.Build.0 = Release|x64
		{DDB34145-870F-42C3-9663-A9390CEE1E35}.Debug|Any CPU.ActiveCfg = Debug|Any CPU
		{DDB34145-870F-42C3-9663-A9390CEE1E35}.Debug|Any CPU.Build.0 = Debug|Any CPU
		{DDB34145-870F-42C3-9663-A9390CEE1E35}.Debug|Mixed Platforms.ActiveCfg = Debug|Any CPU
		{DDB34145-870F-42C3-9663-A9390CEE1E35}.Debug|Mixed Platforms.Build.0 = Debug|Any CPU
		{DDB34145-870F-42C3-9663-A9390CEE1E35}.Debug|x64.ActiveCfg = Debug|Any CPU
		{DDB34145-870F-42C3-9663-A9390CEE1E35}.Release|Any CPU.ActiveCfg = Release|Any CPU
		{DDB34145-870F-42C3-9663-A9390CEE1E35}.Release|Any CPU.Build.0 = Release|Any CPU
		{DDB34145-870F-42C3-9663-A9390CEE1E35}.Release|Mixed Platforms.ActiveCfg = Release|Any CPU
		{DDB34145-870F-42C3-9663-A9390CEE1E35}.Release|Mixed Platforms.Build.0 = Release|Any CPU
		{DDB34145-870F-42C3-9663-A9390CEE1E35}.Release|x64.ActiveCfg = Release|Any CPU
		{1460DE86-6DF4-49A3-822C-E52F8DA834F5}.Debug|Any CPU.ActiveCfg = Debug|Any CPU
		{1460DE86-6DF4-49A3-822C-E52F8DA834F5}.Debug|Any CPU.Build.0 = Debug|Any CPU
		{1460DE86-6DF4-49A3-822C-E52F8DA834F5}.Debug|Mixed Platforms.ActiveCfg = Debug|Any CPU
		{1460DE86-6DF4-49A3-822C-E52F8DA834F5}.Debug|Mixed Platforms.Build.0 = Debug|Any CPU
		{1460DE86-6DF4-49A3-822C-E52F8DA834F5}.Debug|x64.ActiveCfg = Debug|Any CPU
		{1460DE86-6DF4-49A3-822C-E52F8DA834F5}.Release|Any CPU.ActiveCfg = Release|Any CPU
		{1460DE86-6DF4-49A3-822C-E52F8DA834F5}.Release|Any CPU.Build.0 = Release|Any CPU
		{1460DE86-6DF4-49A3-822C-E52F8DA834F5}.Release|Mixed Platforms.ActiveCfg = Release|Any CPU
		{1460DE86-6DF4-49A3-822C-E52F8DA834F5}.Release|Mixed Platforms.Build.0 = Release|Any CPU
		{1460DE86-6DF4-49A3-822C-E52F8DA834F5}.Release|x64.ActiveCfg = Release|Any CPU
		{AF189F05-EFC3-4A98-91C7-2AF1E4B8B131}.Debug|Any CPU.ActiveCfg = Debug|Any CPU
		{AF189F05-EFC3-4A98-91C7-2AF1E4B8B131}.Debug|Any CPU.Build.0 = Debug|Any CPU
		{AF189F05-EFC3-4A98-91C7-2AF1E4B8B131}.Debug|Mixed Platforms.ActiveCfg = Debug|Any CPU
		{AF189F05-EFC3-4A98-91C7-2AF1E4B8B131}.Debug|Mixed Platforms.Build.0 = Debug|Any CPU
		{AF189F05-EFC3-4A98-91C7-2AF1E4B8B131}.Debug|x64.ActiveCfg = Debug|Any CPU
		{AF189F05-EFC3-4A98-91C7-2AF1E4B8B131}.Debug|x64.Build.0 = Debug|Any CPU
		{AF189F05-EFC3-4A98-91C7-2AF1E4B8B131}.Release|Any CPU.ActiveCfg = Release|Any CPU
		{AF189F05-EFC3-4A98-91C7-2AF1E4B8B131}.Release|Any CPU.Build.0 = Release|Any CPU
		{AF189F05-EFC3-4A98-91C7-2AF1E4B8B131}.Release|Mixed Platforms.ActiveCfg = Release|Any CPU
		{AF189F05-EFC3-4A98-91C7-2AF1E4B8B131}.Release|Mixed Platforms.Build.0 = Release|Any CPU
		{AF189F05-EFC3-4A98-91C7-2AF1E4B8B131}.Release|x64.ActiveCfg = Release|Any CPU
		{AF189F05-EFC3-4A98-91C7-2AF1E4B8B131}.Release|x64.Build.0 = Release|Any CPU
		{43665489-01F0-4F35-8A33-258F2231B2D8}.Debug|Any CPU.ActiveCfg = Debug|Any CPU
		{43665489-01F0-4F35-8A33-258F2231B2D8}.Debug|Any CPU.Build.0 = Debug|Any CPU
		{43665489-01F0-4F35-8A33-258F2231B2D8}.Debug|Mixed Platforms.ActiveCfg = Debug|Any CPU
		{43665489-01F0-4F35-8A33-258F2231B2D8}.Debug|Mixed Platforms.Build.0 = Debug|Any CPU
		{43665489-01F0-4F35-8A33-258F2231B2D8}.Debug|x64.ActiveCfg = Debug|Any CPU
		{43665489-01F0-4F35-8A33-258F2231B2D8}.Debug|x64.Build.0 = Debug|Any CPU
		{43665489-01F0-4F35-8A33-258F2231B2D8}.Release|Any CPU.ActiveCfg = Release|Any CPU
		{43665489-01F0-4F35-8A33-258F2231B2D8}.Release|Any CPU.Build.0 = Release|Any CPU
		{43665489-01F0-4F35-8A33-258F2231B2D8}.Release|Mixed Platforms.ActiveCfg = Release|Any CPU
		{43665489-01F0-4F35-8A33-258F2231B2D8}.Release|Mixed Platforms.Build.0 = Release|Any CPU
		{43665489-01F0-4F35-8A33-258F2231B2D8}.Release|x64.ActiveCfg = Release|Any CPU
		{43665489-01F0-4F35-8A33-258F2231B2D8}.Release|x64.Build.0 = Release|Any CPU
		{05C1C78A-9966-4922-9065-A099023E7366}.Debug|Any CPU.ActiveCfg = Debug|Any CPU
		{05C1C78A-9966-4922-9065-A099023E7366}.Debug|Any CPU.Build.0 = Debug|Any CPU
		{05C1C78A-9966-4922-9065-A099023E7366}.Debug|Mixed Platforms.ActiveCfg = Debug|Any CPU
		{05C1C78A-9966-4922-9065-A099023E7366}.Debug|Mixed Platforms.Build.0 = Debug|Any CPU
		{05C1C78A-9966-4922-9065-A099023E7366}.Debug|x64.ActiveCfg = Debug|Any CPU
		{05C1C78A-9966-4922-9065-A099023E7366}.Debug|x64.Build.0 = Debug|Any CPU
		{05C1C78A-9966-4922-9065-A099023E7366}.Release|Any CPU.ActiveCfg = Release|Any CPU
		{05C1C78A-9966-4922-9065-A099023E7366}.Release|Any CPU.Build.0 = Release|Any CPU
		{05C1C78A-9966-4922-9065-A099023E7366}.Release|Mixed Platforms.ActiveCfg = Release|Any CPU
		{05C1C78A-9966-4922-9065-A099023E7366}.Release|Mixed Platforms.Build.0 = Release|Any CPU
		{05C1C78A-9966-4922-9065-A099023E7366}.Release|x64.ActiveCfg = Release|Any CPU
		{05C1C78A-9966-4922-9065-A099023E7366}.Release|x64.Build.0 = Release|Any CPU
		{717E9A81-75C5-418E-92ED-18CAC55BC345}.Debug|Any CPU.ActiveCfg = Debug|Any CPU
		{717E9A81-75C5-418E-92ED-18CAC55BC345}.Debug|Any CPU.Build.0 = Debug|Any CPU
		{717E9A81-75C5-418E-92ED-18CAC55BC345}.Debug|Mixed Platforms.ActiveCfg = Debug|Any CPU
		{717E9A81-75C5-418E-92ED-18CAC55BC345}.Debug|Mixed Platforms.Build.0 = Debug|Any CPU
		{717E9A81-75C5-418E-92ED-18CAC55BC345}.Debug|x64.ActiveCfg = Debug|Any CPU
		{717E9A81-75C5-418E-92ED-18CAC55BC345}.Debug|x64.Build.0 = Debug|Any CPU
		{717E9A81-75C5-418E-92ED-18CAC55BC345}.Release|Any CPU.ActiveCfg = Release|Any CPU
		{717E9A81-75C5-418E-92ED-18CAC55BC345}.Release|Any CPU.Build.0 = Release|Any CPU
		{717E9A81-75C5-418E-92ED-18CAC55BC345}.Release|Mixed Platforms.ActiveCfg = Release|Any CPU
		{717E9A81-75C5-418E-92ED-18CAC55BC345}.Release|Mixed Platforms.Build.0 = Release|Any CPU
		{717E9A81-75C5-418E-92ED-18CAC55BC345}.Release|x64.ActiveCfg = Release|Any CPU
		{717E9A81-75C5-418E-92ED-18CAC55BC345}.Release|x64.Build.0 = Release|Any CPU
		{1745A383-D0BE-484B-81EB-27B20F6AC6C5}.Debug|Any CPU.ActiveCfg = Debug|Any CPU
		{1745A383-D0BE-484B-81EB-27B20F6AC6C5}.Debug|Any CPU.Build.0 = Debug|Any CPU
		{1745A383-D0BE-484B-81EB-27B20F6AC6C5}.Debug|Mixed Platforms.ActiveCfg = Debug|Any CPU
		{1745A383-D0BE-484B-81EB-27B20F6AC6C5}.Debug|Mixed Platforms.Build.0 = Debug|Any CPU
		{1745A383-D0BE-484B-81EB-27B20F6AC6C5}.Debug|x64.ActiveCfg = Debug|Any CPU
		{1745A383-D0BE-484B-81EB-27B20F6AC6C5}.Debug|x64.Build.0 = Debug|Any CPU
		{1745A383-D0BE-484B-81EB-27B20F6AC6C5}.Release|Any CPU.ActiveCfg = Release|Any CPU
		{1745A383-D0BE-484B-81EB-27B20F6AC6C5}.Release|Any CPU.Build.0 = Release|Any CPU
		{1745A383-D0BE-484B-81EB-27B20F6AC6C5}.Release|Mixed Platforms.ActiveCfg = Release|Any CPU
		{1745A383-D0BE-484B-81EB-27B20F6AC6C5}.Release|Mixed Platforms.Build.0 = Release|Any CPU
		{1745A383-D0BE-484B-81EB-27B20F6AC6C5}.Release|x64.ActiveCfg = Release|Any CPU
		{1745A383-D0BE-484B-81EB-27B20F6AC6C5}.Release|x64.Build.0 = Release|Any CPU
		{34AABA7F-1FF7-4F4B-B1DB-D07AD4505DA4}.Debug|Any CPU.ActiveCfg = Debug|Any CPU
		{34AABA7F-1FF7-4F4B-B1DB-D07AD4505DA4}.Debug|Any CPU.Build.0 = Debug|Any CPU
		{34AABA7F-1FF7-4F4B-B1DB-D07AD4505DA4}.Debug|Mixed Platforms.ActiveCfg = Debug|Any CPU
		{34AABA7F-1FF7-4F4B-B1DB-D07AD4505DA4}.Debug|Mixed Platforms.Build.0 = Debug|Any CPU
		{34AABA7F-1FF7-4F4B-B1DB-D07AD4505DA4}.Debug|x64.ActiveCfg = Debug|Any CPU
		{34AABA7F-1FF7-4F4B-B1DB-D07AD4505DA4}.Debug|x64.Build.0 = Debug|Any CPU
		{34AABA7F-1FF7-4F4B-B1DB-D07AD4505DA4}.Release|Any CPU.ActiveCfg = Release|Any CPU
		{34AABA7F-1FF7-4F4B-B1DB-D07AD4505DA4}.Release|Any CPU.Build.0 = Release|Any CPU
		{34AABA7F-1FF7-4F4B-B1DB-D07AD4505DA4}.Release|Mixed Platforms.ActiveCfg = Release|Any CPU
		{34AABA7F-1FF7-4F4B-B1DB-D07AD4505DA4}.Release|Mixed Platforms.Build.0 = Release|Any CPU
		{34AABA7F-1FF7-4F4B-B1DB-D07AD4505DA4}.Release|x64.ActiveCfg = Release|Any CPU
		{34AABA7F-1FF7-4F4B-B1DB-D07AD4505DA4}.Release|x64.Build.0 = Release|Any CPU
		{E76E73FA-4462-4F07-94C0-8B9CC413F696}.Debug|Any CPU.ActiveCfg = Debug|Any CPU
		{E76E73FA-4462-4F07-94C0-8B9CC413F696}.Debug|Any CPU.Build.0 = Debug|Any CPU
		{E76E73FA-4462-4F07-94C0-8B9CC413F696}.Debug|Mixed Platforms.ActiveCfg = Debug|Any CPU
		{E76E73FA-4462-4F07-94C0-8B9CC413F696}.Debug|Mixed Platforms.Build.0 = Debug|Any CPU
		{E76E73FA-4462-4F07-94C0-8B9CC413F696}.Debug|x64.ActiveCfg = Debug|Any CPU
		{E76E73FA-4462-4F07-94C0-8B9CC413F696}.Debug|x64.Build.0 = Debug|Any CPU
		{E76E73FA-4462-4F07-94C0-8B9CC413F696}.Release|Any CPU.ActiveCfg = Release|Any CPU
		{E76E73FA-4462-4F07-94C0-8B9CC413F696}.Release|Any CPU.Build.0 = Release|Any CPU
		{E76E73FA-4462-4F07-94C0-8B9CC413F696}.Release|Mixed Platforms.ActiveCfg = Release|Any CPU
		{E76E73FA-4462-4F07-94C0-8B9CC413F696}.Release|Mixed Platforms.Build.0 = Release|Any CPU
		{E76E73FA-4462-4F07-94C0-8B9CC413F696}.Release|x64.ActiveCfg = Release|Any CPU
		{E76E73FA-4462-4F07-94C0-8B9CC413F696}.Release|x64.Build.0 = Release|Any CPU
		{1A53FE3D-8041-4773-942F-D73AEF5B82B2}.Debug|Any CPU.ActiveCfg = Debug|Any CPU
		{1A53FE3D-8041-4773-942F-D73AEF5B82B2}.Debug|Any CPU.Build.0 = Debug|Any CPU
		{1A53FE3D-8041-4773-942F-D73AEF5B82B2}.Debug|Mixed Platforms.ActiveCfg = Debug|Any CPU
		{1A53FE3D-8041-4773-942F-D73AEF5B82B2}.Debug|Mixed Platforms.Build.0 = Debug|Any CPU
		{1A53FE3D-8041-4773-942F-D73AEF5B82B2}.Debug|x64.ActiveCfg = Debug|Any CPU
		{1A53FE3D-8041-4773-942F-D73AEF5B82B2}.Debug|x64.Build.0 = Debug|Any CPU
		{1A53FE3D-8041-4773-942F-D73AEF5B82B2}.Release|Any CPU.ActiveCfg = Release|Any CPU
		{1A53FE3D-8041-4773-942F-D73AEF5B82B2}.Release|Any CPU.Build.0 = Release|Any CPU
		{1A53FE3D-8041-4773-942F-D73AEF5B82B2}.Release|Mixed Platforms.ActiveCfg = Release|Any CPU
		{1A53FE3D-8041-4773-942F-D73AEF5B82B2}.Release|Mixed Platforms.Build.0 = Release|Any CPU
		{1A53FE3D-8041-4773-942F-D73AEF5B82B2}.Release|x64.ActiveCfg = Release|Any CPU
		{1A53FE3D-8041-4773-942F-D73AEF5B82B2}.Release|x64.Build.0 = Release|Any CPU
		{6A9C3802-A2A2-49CF-87BD-C1303533B846}.Debug|Any CPU.ActiveCfg = Debug|Any CPU
		{6A9C3802-A2A2-49CF-87BD-C1303533B846}.Debug|Any CPU.Build.0 = Debug|Any CPU
		{6A9C3802-A2A2-49CF-87BD-C1303533B846}.Debug|Mixed Platforms.ActiveCfg = Debug|Any CPU
		{6A9C3802-A2A2-49CF-87BD-C1303533B846}.Debug|Mixed Platforms.Build.0 = Debug|Any CPU
		{6A9C3802-A2A2-49CF-87BD-C1303533B846}.Debug|x64.ActiveCfg = Debug|Any CPU
		{6A9C3802-A2A2-49CF-87BD-C1303533B846}.Debug|x64.Build.0 = Debug|Any CPU
		{6A9C3802-A2A2-49CF-87BD-C1303533B846}.Release|Any CPU.ActiveCfg = Release|Any CPU
		{6A9C3802-A2A2-49CF-87BD-C1303533B846}.Release|Any CPU.Build.0 = Release|Any CPU
		{6A9C3802-A2A2-49CF-87BD-C1303533B846}.Release|Mixed Platforms.ActiveCfg = Release|Any CPU
		{6A9C3802-A2A2-49CF-87BD-C1303533B846}.Release|Mixed Platforms.Build.0 = Release|Any CPU
		{6A9C3802-A2A2-49CF-87BD-C1303533B846}.Release|x64.ActiveCfg = Release|Any CPU
		{6A9C3802-A2A2-49CF-87BD-C1303533B846}.Release|x64.Build.0 = Release|Any CPU
		{209B1B7F-1C5C-41EC-B6A6-E01FD9C86E26}.Debug|Any CPU.ActiveCfg = Debug|Any CPU
		{209B1B7F-1C5C-41EC-B6A6-E01FD9C86E26}.Debug|Any CPU.Build.0 = Debug|Any CPU
		{209B1B7F-1C5C-41EC-B6A6-E01FD9C86E26}.Debug|Mixed Platforms.ActiveCfg = Debug|Any CPU
		{209B1B7F-1C5C-41EC-B6A6-E01FD9C86E26}.Debug|Mixed Platforms.Build.0 = Debug|Any CPU
		{209B1B7F-1C5C-41EC-B6A6-E01FD9C86E26}.Debug|x64.ActiveCfg = Debug|Any CPU
		{209B1B7F-1C5C-41EC-B6A6-E01FD9C86E26}.Debug|x64.Build.0 = Debug|Any CPU
		{209B1B7F-1C5C-41EC-B6A6-E01FD9C86E26}.Release|Any CPU.ActiveCfg = Release|Any CPU
		{209B1B7F-1C5C-41EC-B6A6-E01FD9C86E26}.Release|Any CPU.Build.0 = Release|Any CPU
		{209B1B7F-1C5C-41EC-B6A6-E01FD9C86E26}.Release|Mixed Platforms.ActiveCfg = Release|Any CPU
		{209B1B7F-1C5C-41EC-B6A6-E01FD9C86E26}.Release|Mixed Platforms.Build.0 = Release|Any CPU
		{209B1B7F-1C5C-41EC-B6A6-E01FD9C86E26}.Release|x64.ActiveCfg = Release|Any CPU
		{209B1B7F-1C5C-41EC-B6A6-E01FD9C86E26}.Release|x64.Build.0 = Release|Any CPU
		{F591130F-181A-4C53-8025-4390F46BD51D}.Debug|Any CPU.ActiveCfg = Debug|Any CPU
		{F591130F-181A-4C53-8025-4390F46BD51D}.Debug|Any CPU.Build.0 = Debug|Any CPU
		{F591130F-181A-4C53-8025-4390F46BD51D}.Debug|Mixed Platforms.ActiveCfg = Debug|Any CPU
		{F591130F-181A-4C53-8025-4390F46BD51D}.Debug|Mixed Platforms.Build.0 = Debug|Any CPU
		{F591130F-181A-4C53-8025-4390F46BD51D}.Debug|x64.ActiveCfg = Debug|Any CPU
		{F591130F-181A-4C53-8025-4390F46BD51D}.Debug|x64.Build.0 = Debug|Any CPU
		{F591130F-181A-4C53-8025-4390F46BD51D}.Release|Any CPU.ActiveCfg = Release|Any CPU
		{F591130F-181A-4C53-8025-4390F46BD51D}.Release|Any CPU.Build.0 = Release|Any CPU
		{F591130F-181A-4C53-8025-4390F46BD51D}.Release|Mixed Platforms.ActiveCfg = Release|Any CPU
		{F591130F-181A-4C53-8025-4390F46BD51D}.Release|Mixed Platforms.Build.0 = Release|Any CPU
		{F591130F-181A-4C53-8025-4390F46BD51D}.Release|x64.ActiveCfg = Release|Any CPU
		{F591130F-181A-4C53-8025-4390F46BD51D}.Release|x64.Build.0 = Release|Any CPU
		{D44C2E89-2D98-44BD-8712-8CCBE4E67C9C}.Debug|Any CPU.ActiveCfg = Debug|Any CPU
		{D44C2E89-2D98-44BD-8712-8CCBE4E67C9C}.Debug|Any CPU.Build.0 = Debug|Any CPU
		{D44C2E89-2D98-44BD-8712-8CCBE4E67C9C}.Debug|Mixed Platforms.ActiveCfg = Debug|Any CPU
		{D44C2E89-2D98-44BD-8712-8CCBE4E67C9C}.Debug|Mixed Platforms.Build.0 = Debug|Any CPU
		{D44C2E89-2D98-44BD-8712-8CCBE4E67C9C}.Debug|x64.ActiveCfg = Debug|Any CPU
		{D44C2E89-2D98-44BD-8712-8CCBE4E67C9C}.Debug|x64.Build.0 = Debug|Any CPU
		{D44C2E89-2D98-44BD-8712-8CCBE4E67C9C}.Release|Any CPU.ActiveCfg = Release|Any CPU
		{D44C2E89-2D98-44BD-8712-8CCBE4E67C9C}.Release|Any CPU.Build.0 = Release|Any CPU
		{D44C2E89-2D98-44BD-8712-8CCBE4E67C9C}.Release|Mixed Platforms.ActiveCfg = Release|Any CPU
		{D44C2E89-2D98-44BD-8712-8CCBE4E67C9C}.Release|Mixed Platforms.Build.0 = Release|Any CPU
		{D44C2E89-2D98-44BD-8712-8CCBE4E67C9C}.Release|x64.ActiveCfg = Release|Any CPU
		{D44C2E89-2D98-44BD-8712-8CCBE4E67C9C}.Release|x64.Build.0 = Release|Any CPU
		{1F3BC053-796C-4A35-88F4-955A0F142197}.Debug|Any CPU.ActiveCfg = Debug|Any CPU
		{1F3BC053-796C-4A35-88F4-955A0F142197}.Debug|Any CPU.Build.0 = Debug|Any CPU
		{1F3BC053-796C-4A35-88F4-955A0F142197}.Debug|Mixed Platforms.ActiveCfg = Debug|Any CPU
		{1F3BC053-796C-4A35-88F4-955A0F142197}.Debug|Mixed Platforms.Build.0 = Debug|Any CPU
		{1F3BC053-796C-4A35-88F4-955A0F142197}.Debug|x64.ActiveCfg = Debug|Any CPU
		{1F3BC053-796C-4A35-88F4-955A0F142197}.Debug|x64.Build.0 = Debug|Any CPU
		{1F3BC053-796C-4A35-88F4-955A0F142197}.Release|Any CPU.ActiveCfg = Release|Any CPU
		{1F3BC053-796C-4A35-88F4-955A0F142197}.Release|Any CPU.Build.0 = Release|Any CPU
		{1F3BC053-796C-4A35-88F4-955A0F142197}.Release|Mixed Platforms.ActiveCfg = Release|Any CPU
		{1F3BC053-796C-4A35-88F4-955A0F142197}.Release|Mixed Platforms.Build.0 = Release|Any CPU
		{1F3BC053-796C-4A35-88F4-955A0F142197}.Release|x64.ActiveCfg = Release|Any CPU
		{1F3BC053-796C-4A35-88F4-955A0F142197}.Release|x64.Build.0 = Release|Any CPU
		{DD089AB9-6AB3-4ACA-8D63-C95A7935B2A7}.Debug|Any CPU.ActiveCfg = Debug|Any CPU
		{DD089AB9-6AB3-4ACA-8D63-C95A7935B2A7}.Debug|Any CPU.Build.0 = Debug|Any CPU
		{DD089AB9-6AB3-4ACA-8D63-C95A7935B2A7}.Debug|Mixed Platforms.ActiveCfg = Debug|Any CPU
		{DD089AB9-6AB3-4ACA-8D63-C95A7935B2A7}.Debug|Mixed Platforms.Build.0 = Debug|Any CPU
		{DD089AB9-6AB3-4ACA-8D63-C95A7935B2A7}.Debug|x64.ActiveCfg = Debug|Any CPU
		{DD089AB9-6AB3-4ACA-8D63-C95A7935B2A7}.Debug|x64.Build.0 = Debug|Any CPU
		{DD089AB9-6AB3-4ACA-8D63-C95A7935B2A7}.Release|Any CPU.ActiveCfg = Release|Any CPU
		{DD089AB9-6AB3-4ACA-8D63-C95A7935B2A7}.Release|Any CPU.Build.0 = Release|Any CPU
		{DD089AB9-6AB3-4ACA-8D63-C95A7935B2A7}.Release|Mixed Platforms.ActiveCfg = Release|Any CPU
		{DD089AB9-6AB3-4ACA-8D63-C95A7935B2A7}.Release|Mixed Platforms.Build.0 = Release|Any CPU
		{DD089AB9-6AB3-4ACA-8D63-C95A7935B2A7}.Release|x64.ActiveCfg = Release|Any CPU
		{DD089AB9-6AB3-4ACA-8D63-C95A7935B2A7}.Release|x64.Build.0 = Release|Any CPU
		{F009209D-A663-45E1-87E8-158569A0F097}.Debug|Any CPU.ActiveCfg = Debug|Any CPU
		{F009209D-A663-45E1-87E8-158569A0F097}.Debug|Any CPU.Build.0 = Debug|Any CPU
		{F009209D-A663-45E1-87E8-158569A0F097}.Debug|Mixed Platforms.ActiveCfg = Debug|Any CPU
		{F009209D-A663-45E1-87E8-158569A0F097}.Debug|Mixed Platforms.Build.0 = Debug|Any CPU
		{F009209D-A663-45E1-87E8-158569A0F097}.Debug|x64.ActiveCfg = Debug|Any CPU
		{F009209D-A663-45E1-87E8-158569A0F097}.Debug|x64.Build.0 = Debug|Any CPU
		{F009209D-A663-45E1-87E8-158569A0F097}.Release|Any CPU.ActiveCfg = Release|Any CPU
		{F009209D-A663-45E1-87E8-158569A0F097}.Release|Any CPU.Build.0 = Release|Any CPU
		{F009209D-A663-45E1-87E8-158569A0F097}.Release|Mixed Platforms.ActiveCfg = Release|Any CPU
		{F009209D-A663-45E1-87E8-158569A0F097}.Release|Mixed Platforms.Build.0 = Release|Any CPU
		{F009209D-A663-45E1-87E8-158569A0F097}.Release|x64.ActiveCfg = Release|Any CPU
		{F009209D-A663-45E1-87E8-158569A0F097}.Release|x64.Build.0 = Release|Any CPU
		{F81A7CA6-97D4-4958-A9C1-FF94FCA283CB}.Debug|Any CPU.ActiveCfg = Debug|Any CPU
		{F81A7CA6-97D4-4958-A9C1-FF94FCA283CB}.Debug|Any CPU.Build.0 = Debug|Any CPU
		{F81A7CA6-97D4-4958-A9C1-FF94FCA283CB}.Debug|Mixed Platforms.ActiveCfg = Debug|Any CPU
		{F81A7CA6-97D4-4958-A9C1-FF94FCA283CB}.Debug|Mixed Platforms.Build.0 = Debug|Any CPU
		{F81A7CA6-97D4-4958-A9C1-FF94FCA283CB}.Debug|x64.ActiveCfg = Debug|Any CPU
		{F81A7CA6-97D4-4958-A9C1-FF94FCA283CB}.Debug|x64.Build.0 = Debug|Any CPU
		{F81A7CA6-97D4-4958-A9C1-FF94FCA283CB}.Release|Any CPU.ActiveCfg = Release|Any CPU
		{F81A7CA6-97D4-4958-A9C1-FF94FCA283CB}.Release|Any CPU.Build.0 = Release|Any CPU
		{F81A7CA6-97D4-4958-A9C1-FF94FCA283CB}.Release|Mixed Platforms.ActiveCfg = Release|Any CPU
		{F81A7CA6-97D4-4958-A9C1-FF94FCA283CB}.Release|Mixed Platforms.Build.0 = Release|Any CPU
		{F81A7CA6-97D4-4958-A9C1-FF94FCA283CB}.Release|x64.ActiveCfg = Release|Any CPU
		{F81A7CA6-97D4-4958-A9C1-FF94FCA283CB}.Release|x64.Build.0 = Release|Any CPU
	EndGlobalSection
	GlobalSection(SolutionProperties) = preSolution
		HideSolutionNode = FALSE
	EndGlobalSection
	GlobalSection(NestedProjects) = preSolution
		{E97F23B8-ECB0-4AFA-B00C-015C39395FEF} = {5DE01C58-D5F7-482F-8256-A8333064384C}
		{4D0B6BAB-5A33-4A7F-B007-93194FC2E2E3} = {F1C83FD9-A498-483E-ADFA-B55D82A14965}
		{5234D86F-2C0E-4181-AAB7-BBDA3253B4E1} = {C86C6DEE-84E1-4E4E-8868-6755D7A8E0E4}
		{DDB34145-870F-42C3-9663-A9390CEE1E35} = {5DE01C58-D5F7-482F-8256-A8333064384C}
		{1460DE86-6DF4-49A3-822C-E52F8DA834F5} = {97E23323-BA7A-48F0-A578-858B82B6D8FB}
		{AF189F05-EFC3-4A98-91C7-2AF1E4B8B131} = {F1C83FD9-A498-483E-ADFA-B55D82A14965}
		{43665489-01F0-4F35-8A33-258F2231B2D8} = {F1C83FD9-A498-483E-ADFA-B55D82A14965}
		{05C1C78A-9966-4922-9065-A099023E7366} = {F1C83FD9-A498-483E-ADFA-B55D82A14965}
		{717E9A81-75C5-418E-92ED-18CAC55BC345} = {5DE01C58-D5F7-482F-8256-A8333064384C}
		{1745A383-D0BE-484B-81EB-27B20F6AC6C5} = {5DE01C58-D5F7-482F-8256-A8333064384C}
		{34AABA7F-1FF7-4F4B-B1DB-D07AD4505DA4} = {F1C83FD9-A498-483E-ADFA-B55D82A14965}
		{E76E73FA-4462-4F07-94C0-8B9CC413F696} = {C86C6DEE-84E1-4E4E-8868-6755D7A8E0E4}
		{1A53FE3D-8041-4773-942F-D73AEF5B82B2} = {5DE01C58-D5F7-482F-8256-A8333064384C}
		{6A9C3802-A2A2-49CF-87BD-C1303533B846} = {F1C83FD9-A498-483E-ADFA-B55D82A14965}
		{209B1B7F-1C5C-41EC-B6A6-E01FD9C86E26} = {C86C6DEE-84E1-4E4E-8868-6755D7A8E0E4}
		{F591130F-181A-4C53-8025-4390F46BD51D} = {C86C6DEE-84E1-4E4E-8868-6755D7A8E0E4}
		{D44C2E89-2D98-44BD-8712-8CCBE4E67C9C} = {5DE01C58-D5F7-482F-8256-A8333064384C}
		{1F3BC053-796C-4A35-88F4-955A0F142197} = {F1C83FD9-A498-483E-ADFA-B55D82A14965}
		{DD089AB9-6AB3-4ACA-8D63-C95A7935B2A7} = {97E23323-BA7A-48F0-A578-858B82B6D8FB}
		{F009209D-A663-45E1-87E8-158569A0F097} = {F1C83FD9-A498-483E-ADFA-B55D82A14965}
		{F81A7CA6-97D4-4958-A9C1-FF94FCA283CB} = {C86C6DEE-84E1-4E4E-8868-6755D7A8E0E4}
	EndGlobalSection
	GlobalSection(ExtensibilityGlobals) = postSolution
		SolutionGuid = {D3AB83E9-02B4-4FFA-A2D0-637F0B97E626}
	EndGlobalSection
EndGlobal
