
Microsoft Visual Studio Solution File, Format Version 12.00
# Visual Studio 15
VisualStudioVersion = 15.0.27705.2000
MinimumVisualStudioVersion = 10.0.40219.1
Project("{2150E333-8FDC-42A3-9474-1A3956D46DE8}") = "Solution Items", "Solution Items", "{37E5C8A5-C7A6-400E-A0EA-6C2C6F9B160D}"
	ProjectSection(SolutionItems) = preProject
		Local.testsettings = Local.testsettings
	EndProjectSection
EndProject
Project("{FAE04EC0-301F-11D3-BF4B-00C04F79EFBC}") = "NuGetGallery.FunctionalTests", "NuGetGallery.FunctionalTests\NuGetGallery.FunctionalTests.csproj", "{073797B8-8D6C-4A82-9788-C38848D4CC59}"
EndProject
Project("{FAE04EC0-301F-11D3-BF4B-00C04F79EFBC}") = "NuGetGallery.FunctionalTests.Core", "NuGetGallery.FunctionalTests.Core\NuGetGallery.FunctionalTests.Core.csproj", "{8496C7FE-8A93-4D2E-A9DC-5DE44017187C}"
EndProject
Project("{2150E333-8FDC-42A3-9474-1A3956D46DE8}") = ".nuget", ".nuget", "{15D542B4-3214-4B0A-A427-BC3071BFE84D}"
	ProjectSection(SolutionItems) = preProject
		.nuget\packages.config = .nuget\packages.config
	EndProjectSection
EndProject
Project("{FAE04EC0-301F-11D3-BF4B-00C04F79EFBC}") = "NuGetGallery.WebUITests.P0", "NuGetGallery.WebUITests.P0\NuGetGallery.WebUITests.P0.csproj", "{B3D313C5-A076-424C-B812-4EDE2D9EE888}"
EndProject
Project("{FAE04EC0-301F-11D3-BF4B-00C04F79EFBC}") = "NuGetGallery.WebUITests.P1", "NuGetGallery.WebUITests.P1\NuGetGallery.WebUITests.P1.csproj", "{66ACA75F-EE4D-4D23-AEC5-E38C715CDC7E}"
EndProject
Project("{FAE04EC0-301F-11D3-BF4B-00C04F79EFBC}") = "NuGetGallery.WebUITests.P2", "NuGetGallery.WebUITests.P2\NuGetGallery.WebUITests.P2.csproj", "{30F7F8C9-46BC-4677-9D26-43395A2B6DF5}"
EndProject
Project("{FAE04EC0-301F-11D3-BF4B-00C04F79EFBC}") = "NuGetGallery.WebUITests.ReadOnlyMode", "NuGetGallery.WebUITests.ReadOnlyMode\NuGetGallery.WebUITests.ReadOnlyMode.csproj", "{8F78E483-F3F8-4504-BEB8-4F854DF5E80E}"
EndProject
Project("{FAE04EC0-301F-11D3-BF4B-00C04F79EFBC}") = "NuGetGallery.LoadTests", "NuGetGallery.LoadTests\NuGetGallery.LoadTests.csproj", "{0A6B1A52-4D26-4946-9DDD-416D01A1ADBF}"
EndProject
Global
	GlobalSection(SolutionConfigurationPlatforms) = preSolution
		Debug|Any CPU = Debug|Any CPU
		Release|Any CPU = Release|Any CPU
	EndGlobalSection
	GlobalSection(ProjectConfigurationPlatforms) = postSolution
		{073797B8-8D6C-4A82-9788-C38848D4CC59}.Debug|Any CPU.ActiveCfg = Debug|Any CPU
		{073797B8-8D6C-4A82-9788-C38848D4CC59}.Debug|Any CPU.Build.0 = Debug|Any CPU
		{073797B8-8D6C-4A82-9788-C38848D4CC59}.Release|Any CPU.ActiveCfg = Release|Any CPU
		{073797B8-8D6C-4A82-9788-C38848D4CC59}.Release|Any CPU.Build.0 = Release|Any CPU
		{8496C7FE-8A93-4D2E-A9DC-5DE44017187C}.Debug|Any CPU.ActiveCfg = Debug|Any CPU
		{8496C7FE-8A93-4D2E-A9DC-5DE44017187C}.Debug|Any CPU.Build.0 = Debug|Any CPU
		{8496C7FE-8A93-4D2E-A9DC-5DE44017187C}.Release|Any CPU.ActiveCfg = Release|Any CPU
		{8496C7FE-8A93-4D2E-A9DC-5DE44017187C}.Release|Any CPU.Build.0 = Release|Any CPU
		{B3D313C5-A076-424C-B812-4EDE2D9EE888}.Debug|Any CPU.ActiveCfg = Debug|Any CPU
		{B3D313C5-A076-424C-B812-4EDE2D9EE888}.Debug|Any CPU.Build.0 = Debug|Any CPU
		{B3D313C5-A076-424C-B812-4EDE2D9EE888}.Release|Any CPU.ActiveCfg = Release|Any CPU
		{B3D313C5-A076-424C-B812-4EDE2D9EE888}.Release|Any CPU.Build.0 = Release|Any CPU
		{66ACA75F-EE4D-4D23-AEC5-E38C715CDC7E}.Debug|Any CPU.ActiveCfg = Debug|Any CPU
		{66ACA75F-EE4D-4D23-AEC5-E38C715CDC7E}.Debug|Any CPU.Build.0 = Debug|Any CPU
		{66ACA75F-EE4D-4D23-AEC5-E38C715CDC7E}.Release|Any CPU.ActiveCfg = Release|Any CPU
		{66ACA75F-EE4D-4D23-AEC5-E38C715CDC7E}.Release|Any CPU.Build.0 = Release|Any CPU
		{30F7F8C9-46BC-4677-9D26-43395A2B6DF5}.Debug|Any CPU.ActiveCfg = Debug|Any CPU
		{30F7F8C9-46BC-4677-9D26-43395A2B6DF5}.Debug|Any CPU.Build.0 = Debug|Any CPU
		{30F7F8C9-46BC-4677-9D26-43395A2B6DF5}.Release|Any CPU.ActiveCfg = Release|Any CPU
		{30F7F8C9-46BC-4677-9D26-43395A2B6DF5}.Release|Any CPU.Build.0 = Release|Any CPU
		{8F78E483-F3F8-4504-BEB8-4F854DF5E80E}.Debug|Any CPU.ActiveCfg = Debug|Any CPU
		{8F78E483-F3F8-4504-BEB8-4F854DF5E80E}.Debug|Any CPU.Build.0 = Debug|Any CPU
		{8F78E483-F3F8-4504-BEB8-4F854DF5E80E}.Release|Any CPU.ActiveCfg = Release|Any CPU
		{8F78E483-F3F8-4504-BEB8-4F854DF5E80E}.Release|Any CPU.Build.0 = Release|Any CPU
		{0A6B1A52-4D26-4946-9DDD-416D01A1ADBF}.Debug|Any CPU.ActiveCfg = Debug|Any CPU
		{0A6B1A52-4D26-4946-9DDD-416D01A1ADBF}.Debug|Any CPU.Build.0 = Debug|Any CPU
		{0A6B1A52-4D26-4946-9DDD-416D01A1ADBF}.Release|Any CPU.ActiveCfg = Release|Any CPU
		{0A6B1A52-4D26-4946-9DDD-416D01A1ADBF}.Release|Any CPU.Build.0 = Release|Any CPU
	EndGlobalSection
	GlobalSection(SolutionProperties) = preSolution
		HideSolutionNode = FALSE
	EndGlobalSection
	GlobalSection(ExtensibilityGlobals) = postSolution
		SolutionGuid = {7A4EF1D3-E31D-4FE0-A407-79B054848111}
	EndGlobalSection
EndGlobal
