
Microsoft Visual Studio Solution File, Format Version 12.00
# Visual Studio Version 16
VisualStudioVersion = 16.0.28627.84
MinimumVisualStudioVersion = 10.0.40219.1
Project("{2150E333-8FDC-42A3-9474-1A3956D46DE8}") = ".nuget", ".nuget", "{4AA08EEB-BA47-4ECD-94F3-0700DD50E693}"
	ProjectSection(SolutionItems) = preProject
		.nuget\packages.config = .nuget\packages.config
	EndProjectSection
EndProject
Project("{FAE04EC0-301F-11D3-BF4B-00C04F79EFBC}") = "BasicSearchTests.FunctionalTests.Core", "BasicSearchTests.FunctionalTests.Core\BasicSearchTests.FunctionalTests.Core.csproj", "{EEA7B6C1-0358-4E67-9D2A-E30B8FF9FF3D}"
EndProject
Project("{FAE04EC0-301F-11D3-BF4B-00C04F79EFBC}") = "NuGet.Services.AzureSearch.FunctionalTests", "NuGet.Services.AzureSearch.FunctionalTests\NuGet.Services.AzureSearch.FunctionalTests.csproj", "{EAD54C54-E29E-43D5-AE7F-1C194B4EE948}"
EndProject
Global
	GlobalSection(SolutionConfigurationPlatforms) = preSolution
		Debug|Any CPU = Debug|Any CPU
		Release|Any CPU = Release|Any CPU
	EndGlobalSection
	GlobalSection(ProjectConfigurationPlatforms) = postSolution
		{EEA7B6C1-0358-4E67-9D2A-E30B8FF9FF3D}.Debug|Any CPU.ActiveCfg = Debug|Any CPU
		{EEA7B6C1-0358-4E67-9D2A-E30B8FF9FF3D}.Debug|Any CPU.Build.0 = Debug|Any CPU
		{EEA7B6C1-0358-4E67-9D2A-E30B8FF9FF3D}.Release|Any CPU.ActiveCfg = Release|Any CPU
		{EEA7B6C1-0358-4E67-9D2A-E30B8FF9FF3D}.Release|Any CPU.Build.0 = Release|Any CPU
		{EAD54C54-E29E-43D5-AE7F-1C194B4EE948}.Debug|Any CPU.ActiveCfg = Debug|Any CPU
		{EAD54C54-E29E-43D5-AE7F-1C194B4EE948}.Debug|Any CPU.Build.0 = Debug|Any CPU
		{EAD54C54-E29E-43D5-AE7F-1C194B4EE948}.Release|Any CPU.ActiveCfg = Release|Any CPU
		{EAD54C54-E29E-43D5-AE7F-1C194B4EE948}.Release|Any CPU.Build.0 = Release|Any CPU
	EndGlobalSection
	GlobalSection(SolutionProperties) = preSolution
		HideSolutionNode = FALSE
	EndGlobalSection
	GlobalSection(ExtensibilityGlobals) = postSolution
		SolutionGuid = {C32FA5BC-0AC5-4AE4-938B-66CC1B9AE8CA}
	EndGlobalSection
EndGlobal
