
Microsoft Visual Studio Solution File, Format Version 12.00
# Visual Studio 2012
Project("{FAE04EC0-301F-11D3-BF4B-00C04F79EFBC}") = "NuGetGalleryBVTs", "NuGetGalleryBVTs\NuGetGalleryBVTs.csproj", "{0A6B1A52-4D26-4946-9DDD-416D01A1ADBF}"
EndProject
Project("{2150E333-8FDC-42A3-9474-1A3956D46DE8}") = "Solution Items", "Solution Items", "{1831F0B1-3D9B-4743-BE03-833F0CCB369C}"
	ProjectSection(SolutionItems) = preProject
		Local.testsettings = Local.testsettings
	EndProjectSection
EndProject
Project("{FAE04EC0-301F-11D3-BF4B-00C04F79EFBC}") = "TestHelpers", "TestHelpers\TestHelpers.csproj", "{8FB56455-C688-44AE-95F1-48FFCB199BFE}"
EndProject
Project("{2150E333-8FDC-42A3-9474-1A3956D46DE8}") = ".nuget", ".nuget", "{938DE21D-78DF-4086-A729-3A20191606F9}"
	ProjectSection(SolutionItems) = preProject
		.nuget\NuGet.Config = .nuget\NuGet.Config
		.nuget\NuGet.exe = .nuget\NuGet.exe
		.nuget\NuGet.targets = .nuget\NuGet.targets
	EndProjectSection
EndProject
Global
	GlobalSection(TeamFoundationVersionControl) = preSolution
		SccNumberOfProjects = 3
		SccEnterpriseProvider = {4CA58AB2-18FA-4F8D-95D4-32DDF27D184C}
		SccTeamFoundationServer = http://vstfdevdiv:8080/devdiv2
		SccLocalPath0 = .
		SccProjectUniqueName1 = NuGetGalleryBVTs\\NuGetGalleryBVTs.csproj
		SccProjectName1 = NuGetGalleryBVTs
		SccLocalPath1 = NuGetGalleryBVTs
		SccProjectUniqueName2 = TestHelpers\\TestHelpers.csproj
		SccProjectName2 = TestHelpers
		SccLocalPath2 = TestHelpers
	EndGlobalSection
	GlobalSection(SolutionConfigurationPlatforms) = preSolution
		Debug|Any CPU = Debug|Any CPU
		Release|Any CPU = Release|Any CPU
	EndGlobalSection
	GlobalSection(ProjectConfigurationPlatforms) = postSolution
		{0A6B1A52-4D26-4946-9DDD-416D01A1ADBF}.Debug|Any CPU.ActiveCfg = Debug|Any CPU
		{0A6B1A52-4D26-4946-9DDD-416D01A1ADBF}.Debug|Any CPU.Build.0 = Debug|Any CPU
		{0A6B1A52-4D26-4946-9DDD-416D01A1ADBF}.Release|Any CPU.ActiveCfg = Release|Any CPU
		{0A6B1A52-4D26-4946-9DDD-416D01A1ADBF}.Release|Any CPU.Build.0 = Release|Any CPU
		{8FB56455-C688-44AE-95F1-48FFCB199BFE}.Debug|Any CPU.ActiveCfg = Debug|Any CPU
		{8FB56455-C688-44AE-95F1-48FFCB199BFE}.Debug|Any CPU.Build.0 = Debug|Any CPU
		{8FB56455-C688-44AE-95F1-48FFCB199BFE}.Release|Any CPU.ActiveCfg = Release|Any CPU
		{8FB56455-C688-44AE-95F1-48FFCB199BFE}.Release|Any CPU.Build.0 = Release|Any CPU
	EndGlobalSection
	GlobalSection(SolutionProperties) = preSolution
		HideSolutionNode = FALSE
	EndGlobalSection
EndGlobal
